// !$*UTF8*$!
{
	archiveVersion = 1;
	classes = {
	};
	objectVersion = 50;
	objects = {

/* Begin PBXBuildFile section */
		1D104C8721BF09DF000396C5 /* ApplicationTab.swift in Sources */ = {isa = PBXBuildFile; fileRef = 1D104C8621BF09DF000396C5 /* ApplicationTab.swift */; };
		1D104C8921BF0ADA000396C5 /* String+Localization.swift in Sources */ = {isa = PBXBuildFile; fileRef = 1D104C8821BF0ADA000396C5 /* String+Localization.swift */; };
		1D104C8D21BF91A5000396C5 /* TranslationItems.swift in Sources */ = {isa = PBXBuildFile; fileRef = 1D104C8C21BF91A5000396C5 /* TranslationItems.swift */; };
		1D21F77A21D3AD9100364C59 /* SettingsView.swift in Sources */ = {isa = PBXBuildFile; fileRef = 1D21F77921D3AD9100364C59 /* SettingsView.swift */; };
		1D21F77E21D410FD00364C59 /* DescriptionLabel.swift in Sources */ = {isa = PBXBuildFile; fileRef = 1D21F77D21D410FD00364C59 /* DescriptionLabel.swift */; };
		1D21F78121D411B600364C59 /* TitleLabel.swift in Sources */ = {isa = PBXBuildFile; fileRef = 1D21F78021D411B600364C59 /* TitleLabel.swift */; };
		1D21F78321D411DE00364C59 /* LearningController.swift in Sources */ = {isa = PBXBuildFile; fileRef = 1D21F78221D411DE00364C59 /* LearningController.swift */; };
		1D21F78521D41E5A00364C59 /* LanguagesController+Search.swift in Sources */ = {isa = PBXBuildFile; fileRef = 1D21F78421D41E5A00364C59 /* LanguagesController+Search.swift */; };
		1D21F78721D42A0800364C59 /* UIViewController+Extensions.swift in Sources */ = {isa = PBXBuildFile; fileRef = 1D21F78621D42A0800364C59 /* UIViewController+Extensions.swift */; };
		1D21F78921D4BCB300364C59 /* BasicButton.swift in Sources */ = {isa = PBXBuildFile; fileRef = 1D21F78821D4BCB300364C59 /* BasicButton.swift */; };
		1D23B94D2097AB7C00121E8F /* GoogleTranslateAPI.swift in Sources */ = {isa = PBXBuildFile; fileRef = 1D23B94C2097AB7C00121E8F /* GoogleTranslateAPI.swift */; };
		1D23B9502097AC3E00121E8F /* Keys.swift in Sources */ = {isa = PBXBuildFile; fileRef = 1D23B94F2097AC3E00121E8F /* Keys.swift */; };
		1D23B9532097C59D00121E8F /* LanguageData.swift in Sources */ = {isa = PBXBuildFile; fileRef = 1D23B9522097C59D00121E8F /* LanguageData.swift */; };
		1D23B9552097C5AF00121E8F /* LanguagesList.swift in Sources */ = {isa = PBXBuildFile; fileRef = 1D23B9542097C5AF00121E8F /* LanguagesList.swift */; };
		1D23B95920986BB700121E8F /* Translation.swift in Sources */ = {isa = PBXBuildFile; fileRef = 1D23B95820986BB700121E8F /* Translation.swift */; };
		1D23B95B20986D1100121E8F /* TranslateController+API.swift in Sources */ = {isa = PBXBuildFile; fileRef = 1D23B95A20986D1100121E8F /* TranslateController+API.swift */; };
		1D23B95D2098944C00121E8F /* TranslationData.swift in Sources */ = {isa = PBXBuildFile; fileRef = 1D23B95C2098944C00121E8F /* TranslationData.swift */; };
		1D23B9602098945D00121E8F /* TranslationList.swift in Sources */ = {isa = PBXBuildFile; fileRef = 1D23B95F2098945D00121E8F /* TranslationList.swift */; };
		1D23B96C2098FEDD00121E8F /* Localizable.strings in Resources */ = {isa = PBXBuildFile; fileRef = 1D23B96E2098FEDD00121E8F /* Localizable.strings */; };
		1D23B97220990AA000121E8F /* InfoPlist.strings in Resources */ = {isa = PBXBuildFile; fileRef = 1D23B97420990AA000121E8F /* InfoPlist.strings */; };
		1D2D630721BA6FC700F4FABD /* TabBarController.swift in Sources */ = {isa = PBXBuildFile; fileRef = 1D2D630621BA6FC700F4FABD /* TabBarController.swift */; };
		1D32525220D57C670061517C /* LanguagePreferences.swift in Sources */ = {isa = PBXBuildFile; fileRef = 1D32525120D57C670061517C /* LanguagePreferences.swift */; };
		1D412B9C20D66D9F006CD60A /* FocusSquareSegment.swift in Sources */ = {isa = PBXBuildFile; fileRef = 1D412B9720D66D9E006CD60A /* FocusSquareSegment.swift */; };
		1D412B9D20D66D9F006CD60A /* FocusSquare.swift in Sources */ = {isa = PBXBuildFile; fileRef = 1D412B9820D66D9F006CD60A /* FocusSquare.swift */; };
		1D412B9E20D66D9F006CD60A /* FocusSquare+Extensions.swift in Sources */ = {isa = PBXBuildFile; fileRef = 1D412B9920D66D9F006CD60A /* FocusSquare+Extensions.swift */; };
		1D412B9F20D66D9F006CD60A /* Utilities.swift in Sources */ = {isa = PBXBuildFile; fileRef = 1D412B9B20D66D9F006CD60A /* Utilities.swift */; };
		1D441E2C20726EFE005E2ADD /* AppDelegate.swift in Sources */ = {isa = PBXBuildFile; fileRef = 1D441E2B20726EFE005E2ADD /* AppDelegate.swift */; };
		1D441E3320726F00005E2ADD /* Assets.xcassets in Resources */ = {isa = PBXBuildFile; fileRef = 1D441E3220726F00005E2ADD /* Assets.xcassets */; };
		1D441E9320726F22005E2ADD /* TranslateController+ARKit.swift in Sources */ = {isa = PBXBuildFile; fileRef = 1D441E5B20726F22005E2ADD /* TranslateController+ARKit.swift */; };
		1D441E9420726F22005E2ADD /* TranslateController+CoreML.swift in Sources */ = {isa = PBXBuildFile; fileRef = 1D441E5C20726F22005E2ADD /* TranslateController+CoreML.swift */; };
		1D441E9720726F22005E2ADD /* TranslateController+Views.swift in Sources */ = {isa = PBXBuildFile; fileRef = 1D441E5F20726F22005E2ADD /* TranslateController+Views.swift */; };
		1D441E9820726F22005E2ADD /* TranslateController.swift in Sources */ = {isa = PBXBuildFile; fileRef = 1D441E6020726F22005E2ADD /* TranslateController.swift */; };
		1D441E9D20726F22005E2ADD /* TextToSpeech.swift in Sources */ = {isa = PBXBuildFile; fileRef = 1D441E6620726F22005E2ADD /* TextToSpeech.swift */; };
		1D441EA320726F22005E2ADD /* Language.swift in Sources */ = {isa = PBXBuildFile; fileRef = 1D441E6E20726F22005E2ADD /* Language.swift */; };
		1D441EA720726F22005E2ADD /* HistoryController.swift in Sources */ = {isa = PBXBuildFile; fileRef = 1D441E7320726F22005E2ADD /* HistoryController.swift */; };
		1D441EA820726F22005E2ADD /* HistoryCell.swift in Sources */ = {isa = PBXBuildFile; fileRef = 1D441E7420726F22005E2ADD /* HistoryCell.swift */; };
		1D65245821C93A1800EB2D5C /* ARDetailView.swift in Sources */ = {isa = PBXBuildFile; fileRef = 1D65245721C93A1800EB2D5C /* ARDetailView.swift */; };
		1D65245B21C9417300EB2D5C /* CurrentDetectionView.swift in Sources */ = {isa = PBXBuildFile; fileRef = 1D65245A21C9417300EB2D5C /* CurrentDetectionView.swift */; };
		1D65245E21CA733300EB2D5C /* CardView.swift in Sources */ = {isa = PBXBuildFile; fileRef = 1D65245D21CA733300EB2D5C /* CardView.swift */; };
		1D65246021CA735800EB2D5C /* CardsController.swift in Sources */ = {isa = PBXBuildFile; fileRef = 1D65245F21CA735800EB2D5C /* CardsController.swift */; };
		1D65E4DE21CE612800DB52A5 /* Flags.framework in Frameworks */ = {isa = PBXBuildFile; fileRef = 1D65E4D821CE612700DB52A5 /* Flags.framework */; };
		1D65E4DF21CE612800DB52A5 /* EasyTipView.framework in Frameworks */ = {isa = PBXBuildFile; fileRef = 1D65E4D921CE612700DB52A5 /* EasyTipView.framework */; };
		1D65E4E021CE612800DB52A5 /* RandomColor.framework in Frameworks */ = {isa = PBXBuildFile; fileRef = 1D65E4DA21CE612700DB52A5 /* RandomColor.framework */; };
		1D65E4E121CE612800DB52A5 /* TBEmptyDataSet.framework in Frameworks */ = {isa = PBXBuildFile; fileRef = 1D65E4DB21CE612700DB52A5 /* TBEmptyDataSet.framework */; };
		1D65E4E221CE612800DB52A5 /* ZLSwipeableViewSwift.framework in Frameworks */ = {isa = PBXBuildFile; fileRef = 1D65E4DC21CE612800DB52A5 /* ZLSwipeableViewSwift.framework */; };
		1D65E4E321CE612800DB52A5 /* FunctionalTableData.framework in Frameworks */ = {isa = PBXBuildFile; fileRef = 1D65E4DD21CE612800DB52A5 /* FunctionalTableData.framework */; };
		1D65E4E521CE6BC700DB52A5 /* TranslationNode.swift in Sources */ = {isa = PBXBuildFile; fileRef = 1D65E4E421CE6BC700DB52A5 /* TranslationNode.swift */; };
		1D65E4E721CE6CAF00DB52A5 /* UIView+Extensions.swift in Sources */ = {isa = PBXBuildFile; fileRef = 1D65E4E621CE6CAF00DB52A5 /* UIView+Extensions.swift */; };
		1D65E4EA21CE708600DB52A5 /* TranslateController+Actions.swift in Sources */ = {isa = PBXBuildFile; fileRef = 1D65E4E921CE708600DB52A5 /* TranslateController+Actions.swift */; };
		1D7451BA20C4306C0089D961 /* Inceptionv3.mlmodel in Sources */ = {isa = PBXBuildFile; fileRef = 1D7451B920C4306B0089D961 /* Inceptionv3.mlmodel */; };
		1D745CC921D224D2008A974F /* HistoryController+Search.swift in Sources */ = {isa = PBXBuildFile; fileRef = 1D745CC821D224D2008A974F /* HistoryController+Search.swift */; };
		1D745CCD21D22542008A974F /* HistoryController+TableView.swift in Sources */ = {isa = PBXBuildFile; fileRef = 1D745CCC21D22542008A974F /* HistoryController+TableView.swift */; };
		1D745CCF21D228AE008A974F /* HeaderCell.swift in Sources */ = {isa = PBXBuildFile; fileRef = 1D745CCE21D228AE008A974F /* HeaderCell.swift */; };
		1D745CD221D228E6008A974F /* HeaderView.swift in Sources */ = {isa = PBXBuildFile; fileRef = 1D745CD121D228E6008A974F /* HeaderView.swift */; };
		1D94B77120CB2B210000B065 /* LanguagesController.swift in Sources */ = {isa = PBXBuildFile; fileRef = 1D94B77020CB2B210000B065 /* LanguagesController.swift */; };
		1D95A9EA21CAC122002EDAF1 /* TranslationItemsDelegate.swift in Sources */ = {isa = PBXBuildFile; fileRef = 1D95A9E921CAC122002EDAF1 /* TranslationItemsDelegate.swift */; };
		1D95A9EE21CACCB0002EDAF1 /* PermissionsController.swift in Sources */ = {isa = PBXBuildFile; fileRef = 1D95A9ED21CACCB0002EDAF1 /* PermissionsController.swift */; };
		1D95A9F121CAD026002EDAF1 /* UIView+Constraints.swift in Sources */ = {isa = PBXBuildFile; fileRef = 1D95A9F021CAD026002EDAF1 /* UIView+Constraints.swift */; };
		1D95A9F521CAF725002EDAF1 /* LaunchScreen.storyboard in Resources */ = {isa = PBXBuildFile; fileRef = 1D95A9F421CAF725002EDAF1 /* LaunchScreen.storyboard */; };
		1DC8A43721CD9DE10083506F /* ARDetailViewDelegate.swift in Sources */ = {isa = PBXBuildFile; fileRef = 1DC8A43621CD9DE10083506F /* ARDetailViewDelegate.swift */; };
		1DC8A43921CE39B90083506F /* ToolTipView.swift in Sources */ = {isa = PBXBuildFile; fileRef = 1DC8A43821CE39B90083506F /* ToolTipView.swift */; };
		1DC8A43B21CEDC3B0083506F /* HistoryView.swift in Sources */ = {isa = PBXBuildFile; fileRef = 1DC8A43A21CEDC3B0083506F /* HistoryView.swift */; };
		1DEC7D1221C574A500BBEDD3 /* NeverClearView.swift in Sources */ = {isa = PBXBuildFile; fileRef = 1DEC7D1121C574A500BBEDD3 /* NeverClearView.swift */; };
		1DEC7D1421C5771900BBEDD3 /* DidUpdateLanguage.swift in Sources */ = {isa = PBXBuildFile; fileRef = 1DEC7D1321C5771900BBEDD3 /* DidUpdateLanguage.swift */; };
		1DEC7D2121C69C4300BBEDD3 /* AddButtonProtocol.swift in Sources */ = {isa = PBXBuildFile; fileRef = 1DEC7D2021C69C4300BBEDD3 /* AddButtonProtocol.swift */; };
		1DEC7D2521C6CFCE00BBEDD3 /* ARDetailView.xib in Resources */ = {isa = PBXBuildFile; fileRef = 1DEC7D2421C6CFCE00BBEDD3 /* ARDetailView.xib */; };
		1DEC7D2B21C6F40200BBEDD3 /* NibView.swift in Sources */ = {isa = PBXBuildFile; fileRef = 1DEC7D2A21C6F40200BBEDD3 /* NibView.swift */; };
		1DEC7D3221C7CB8900BBEDD3 /* CustomView.swift in Sources */ = {isa = PBXBuildFile; fileRef = 1DEC7D3121C7CB8900BBEDD3 /* CustomView.swift */; };
		1DEE6F2F21BB1363006D3830 /* SettingsController.swift in Sources */ = {isa = PBXBuildFile; fileRef = 1DEE6F2E21BB1363006D3830 /* SettingsController.swift */; };
		1DF2BCF021C1A7DC00D5E29B /* LanguagesController+TableView.swift in Sources */ = {isa = PBXBuildFile; fileRef = 1DF2BCEF21C1A7DC00D5E29B /* LanguagesController+TableView.swift */; };
		1DF2BCF221C1AA1C00D5E29B /* SettingsCell.swift in Sources */ = {isa = PBXBuildFile; fileRef = 1DF2BCF121C1AA1C00D5E29B /* SettingsCell.swift */; };
		1DF2BCFD21C2BC5300D5E29B /* Colors.xcassets in Resources */ = {isa = PBXBuildFile; fileRef = 1DF2BCFC21C2BC5300D5E29B /* Colors.xcassets */; };
		1DF2BCFF21C2CF1D00D5E29B /* AddButtonView.swift in Sources */ = {isa = PBXBuildFile; fileRef = 1DF2BCFE21C2CF1D00D5E29B /* AddButtonView.swift */; };
		1DF2BD0421C38C3D00D5E29B /* NSMutableStringExtensions.swift in Sources */ = {isa = PBXBuildFile; fileRef = 1DF2BD0321C38C3D00D5E29B /* NSMutableStringExtensions.swift */; };
		1DF2BD0721C38C7B00D5E29B /* WelcomeController.swift in Sources */ = {isa = PBXBuildFile; fileRef = 1DF2BD0621C38C7B00D5E29B /* WelcomeController.swift */; };
		1DF2BD0921C4500B00D5E29B /* CustomButton.swift in Sources */ = {isa = PBXBuildFile; fileRef = 1DF2BD0821C4500B00D5E29B /* CustomButton.swift */; };
/* End PBXBuildFile section */

/* Begin PBXCopyFilesBuildPhase section */
		1DEE705F21BEB21B006D3830 /* Embed Frameworks */ = {
			isa = PBXCopyFilesBuildPhase;
			buildActionMask = 2147483647;
			dstPath = "";
			dstSubfolderSpec = 10;
			files = (
			);
			name = "Embed Frameworks";
			runOnlyForDeploymentPostprocessing = 0;
		};
/* End PBXCopyFilesBuildPhase section */

/* Begin PBXFileReference section */
		1D104C8621BF09DF000396C5 /* ApplicationTab.swift */ = {isa = PBXFileReference; lastKnownFileType = sourcecode.swift; path = ApplicationTab.swift; sourceTree = "<group>"; };
		1D104C8821BF0ADA000396C5 /* String+Localization.swift */ = {isa = PBXFileReference; lastKnownFileType = sourcecode.swift; path = "String+Localization.swift"; sourceTree = "<group>"; };
		1D104C8C21BF91A5000396C5 /* TranslationItems.swift */ = {isa = PBXFileReference; lastKnownFileType = sourcecode.swift; path = TranslationItems.swift; sourceTree = "<group>"; };
		1D21F77921D3AD9100364C59 /* SettingsView.swift */ = {isa = PBXFileReference; lastKnownFileType = sourcecode.swift; path = SettingsView.swift; sourceTree = "<group>"; };
		1D21F77D21D410FD00364C59 /* DescriptionLabel.swift */ = {isa = PBXFileReference; lastKnownFileType = sourcecode.swift; path = DescriptionLabel.swift; sourceTree = "<group>"; };
		1D21F78021D411B600364C59 /* TitleLabel.swift */ = {isa = PBXFileReference; fileEncoding = 4; lastKnownFileType = sourcecode.swift; path = TitleLabel.swift; sourceTree = "<group>"; };
		1D21F78221D411DE00364C59 /* LearningController.swift */ = {isa = PBXFileReference; lastKnownFileType = sourcecode.swift; path = LearningController.swift; sourceTree = "<group>"; };
		1D21F78421D41E5A00364C59 /* LanguagesController+Search.swift */ = {isa = PBXFileReference; lastKnownFileType = sourcecode.swift; path = "LanguagesController+Search.swift"; sourceTree = "<group>"; };
		1D21F78621D42A0800364C59 /* UIViewController+Extensions.swift */ = {isa = PBXFileReference; lastKnownFileType = sourcecode.swift; path = "UIViewController+Extensions.swift"; sourceTree = "<group>"; };
		1D21F78821D4BCB300364C59 /* BasicButton.swift */ = {isa = PBXFileReference; lastKnownFileType = sourcecode.swift; path = BasicButton.swift; sourceTree = "<group>"; };
		1D23B94C2097AB7C00121E8F /* GoogleTranslateAPI.swift */ = {isa = PBXFileReference; lastKnownFileType = sourcecode.swift; path = GoogleTranslateAPI.swift; sourceTree = "<group>"; };
		1D23B94F2097AC3E00121E8F /* Keys.swift */ = {isa = PBXFileReference; lastKnownFileType = sourcecode.swift; path = Keys.swift; sourceTree = "<group>"; };
		1D23B9522097C59D00121E8F /* LanguageData.swift */ = {isa = PBXFileReference; lastKnownFileType = sourcecode.swift; path = LanguageData.swift; sourceTree = "<group>"; };
		1D23B9542097C5AF00121E8F /* LanguagesList.swift */ = {isa = PBXFileReference; lastKnownFileType = sourcecode.swift; path = LanguagesList.swift; sourceTree = "<group>"; };
		1D23B95820986BB700121E8F /* Translation.swift */ = {isa = PBXFileReference; lastKnownFileType = sourcecode.swift; path = Translation.swift; sourceTree = "<group>"; };
		1D23B95A20986D1100121E8F /* TranslateController+API.swift */ = {isa = PBXFileReference; lastKnownFileType = sourcecode.swift; path = "TranslateController+API.swift"; sourceTree = "<group>"; };
		1D23B95C2098944C00121E8F /* TranslationData.swift */ = {isa = PBXFileReference; lastKnownFileType = sourcecode.swift; path = TranslationData.swift; sourceTree = "<group>"; };
		1D23B95F2098945D00121E8F /* TranslationList.swift */ = {isa = PBXFileReference; lastKnownFileType = sourcecode.swift; path = TranslationList.swift; sourceTree = "<group>"; };
		1D23B96D2098FEDD00121E8F /* en */ = {isa = PBXFileReference; lastKnownFileType = text.plist.strings; name = en; path = en.lproj/Localizable.strings; sourceTree = "<group>"; };
		1D23B96F2098FEDF00121E8F /* it */ = {isa = PBXFileReference; lastKnownFileType = text.plist.strings; name = it; path = it.lproj/Localizable.strings; sourceTree = "<group>"; };
		1D23B97320990AA000121E8F /* en */ = {isa = PBXFileReference; lastKnownFileType = text.plist.strings; name = en; path = en.lproj/InfoPlist.strings; sourceTree = "<group>"; };
		1D23B97520990AA200121E8F /* it */ = {isa = PBXFileReference; lastKnownFileType = text.plist.strings; name = it; path = it.lproj/InfoPlist.strings; sourceTree = "<group>"; };
		1D2D630621BA6FC700F4FABD /* TabBarController.swift */ = {isa = PBXFileReference; lastKnownFileType = sourcecode.swift; name = TabBarController.swift; path = LanguageTranslationAR/Controllers/TabBarController.swift; sourceTree = SOURCE_ROOT; };
		1D32525120D57C670061517C /* LanguagePreferences.swift */ = {isa = PBXFileReference; lastKnownFileType = sourcecode.swift; name = LanguagePreferences.swift; path = ../LanguagePreferences.swift; sourceTree = "<group>"; };
		1D412B9720D66D9E006CD60A /* FocusSquareSegment.swift */ = {isa = PBXFileReference; fileEncoding = 4; lastKnownFileType = sourcecode.swift; path = FocusSquareSegment.swift; sourceTree = "<group>"; };
		1D412B9820D66D9F006CD60A /* FocusSquare.swift */ = {isa = PBXFileReference; fileEncoding = 4; lastKnownFileType = sourcecode.swift; path = FocusSquare.swift; sourceTree = "<group>"; };
		1D412B9920D66D9F006CD60A /* FocusSquare+Extensions.swift */ = {isa = PBXFileReference; fileEncoding = 4; lastKnownFileType = sourcecode.swift; path = "FocusSquare+Extensions.swift"; sourceTree = "<group>"; };
		1D412B9B20D66D9F006CD60A /* Utilities.swift */ = {isa = PBXFileReference; fileEncoding = 4; lastKnownFileType = sourcecode.swift; path = Utilities.swift; sourceTree = "<group>"; };
		1D441E2820726EFE005E2ADD /* LanguageTranslationAR.app */ = {isa = PBXFileReference; explicitFileType = wrapper.application; includeInIndex = 0; path = LanguageTranslationAR.app; sourceTree = BUILT_PRODUCTS_DIR; };
		1D441E2B20726EFE005E2ADD /* AppDelegate.swift */ = {isa = PBXFileReference; lastKnownFileType = sourcecode.swift; path = AppDelegate.swift; sourceTree = "<group>"; };
		1D441E3220726F00005E2ADD /* Assets.xcassets */ = {isa = PBXFileReference; lastKnownFileType = folder.assetcatalog; path = Assets.xcassets; sourceTree = "<group>"; };
		1D441E3720726F01005E2ADD /* Info.plist */ = {isa = PBXFileReference; lastKnownFileType = text.plist.xml; path = Info.plist; sourceTree = "<group>"; };
		1D441E5B20726F22005E2ADD /* TranslateController+ARKit.swift */ = {isa = PBXFileReference; fileEncoding = 4; lastKnownFileType = sourcecode.swift; path = "TranslateController+ARKit.swift"; sourceTree = "<group>"; };
		1D441E5C20726F22005E2ADD /* TranslateController+CoreML.swift */ = {isa = PBXFileReference; fileEncoding = 4; lastKnownFileType = sourcecode.swift; path = "TranslateController+CoreML.swift"; sourceTree = "<group>"; };
		1D441E5F20726F22005E2ADD /* TranslateController+Views.swift */ = {isa = PBXFileReference; fileEncoding = 4; lastKnownFileType = sourcecode.swift; path = "TranslateController+Views.swift"; sourceTree = "<group>"; };
		1D441E6020726F22005E2ADD /* TranslateController.swift */ = {isa = PBXFileReference; fileEncoding = 4; lastKnownFileType = sourcecode.swift; path = TranslateController.swift; sourceTree = "<group>"; };
		1D441E6620726F22005E2ADD /* TextToSpeech.swift */ = {isa = PBXFileReference; fileEncoding = 4; lastKnownFileType = sourcecode.swift; path = TextToSpeech.swift; sourceTree = "<group>"; };
		1D441E6E20726F22005E2ADD /* Language.swift */ = {isa = PBXFileReference; fileEncoding = 4; lastKnownFileType = sourcecode.swift; path = Language.swift; sourceTree = "<group>"; };
		1D441E7320726F22005E2ADD /* HistoryController.swift */ = {isa = PBXFileReference; fileEncoding = 4; lastKnownFileType = sourcecode.swift; path = HistoryController.swift; sourceTree = "<group>"; };
		1D441E7420726F22005E2ADD /* HistoryCell.swift */ = {isa = PBXFileReference; fileEncoding = 4; lastKnownFileType = sourcecode.swift; name = HistoryCell.swift; path = LanguageTranslationAR/Controllers/History/HistoryCell.swift; sourceTree = SOURCE_ROOT; };
		1D65245721C93A1800EB2D5C /* ARDetailView.swift */ = {isa = PBXFileReference; lastKnownFileType = sourcecode.swift; path = ARDetailView.swift; sourceTree = "<group>"; };
		1D65245A21C9417300EB2D5C /* CurrentDetectionView.swift */ = {isa = PBXFileReference; lastKnownFileType = sourcecode.swift; path = CurrentDetectionView.swift; sourceTree = "<group>"; };
		1D65245D21CA733300EB2D5C /* CardView.swift */ = {isa = PBXFileReference; lastKnownFileType = sourcecode.swift; path = CardView.swift; sourceTree = "<group>"; };
		1D65245F21CA735800EB2D5C /* CardsController.swift */ = {isa = PBXFileReference; lastKnownFileType = sourcecode.swift; path = CardsController.swift; sourceTree = "<group>"; };
		1D65E4D821CE612700DB52A5 /* Flags.framework */ = {isa = PBXFileReference; lastKnownFileType = wrapper.framework; name = Flags.framework; path = Carthage/Build/iOS/Flags.framework; sourceTree = "<group>"; };
		1D65E4D921CE612700DB52A5 /* EasyTipView.framework */ = {isa = PBXFileReference; lastKnownFileType = wrapper.framework; name = EasyTipView.framework; path = Carthage/Build/iOS/EasyTipView.framework; sourceTree = "<group>"; };
		1D65E4DA21CE612700DB52A5 /* RandomColor.framework */ = {isa = PBXFileReference; lastKnownFileType = wrapper.framework; name = RandomColor.framework; path = Carthage/Build/iOS/RandomColor.framework; sourceTree = "<group>"; };
		1D65E4DB21CE612700DB52A5 /* TBEmptyDataSet.framework */ = {isa = PBXFileReference; lastKnownFileType = wrapper.framework; name = TBEmptyDataSet.framework; path = Carthage/Build/iOS/TBEmptyDataSet.framework; sourceTree = "<group>"; };
		1D65E4DC21CE612800DB52A5 /* ZLSwipeableViewSwift.framework */ = {isa = PBXFileReference; lastKnownFileType = wrapper.framework; name = ZLSwipeableViewSwift.framework; path = Carthage/Build/iOS/ZLSwipeableViewSwift.framework; sourceTree = "<group>"; };
		1D65E4DD21CE612800DB52A5 /* FunctionalTableData.framework */ = {isa = PBXFileReference; lastKnownFileType = wrapper.framework; name = FunctionalTableData.framework; path = Carthage/Build/iOS/FunctionalTableData.framework; sourceTree = "<group>"; };
		1D65E4E421CE6BC700DB52A5 /* TranslationNode.swift */ = {isa = PBXFileReference; lastKnownFileType = sourcecode.swift; path = TranslationNode.swift; sourceTree = "<group>"; };
		1D65E4E621CE6CAF00DB52A5 /* UIView+Extensions.swift */ = {isa = PBXFileReference; lastKnownFileType = sourcecode.swift; path = "UIView+Extensions.swift"; sourceTree = "<group>"; };
		1D65E4E921CE708600DB52A5 /* TranslateController+Actions.swift */ = {isa = PBXFileReference; lastKnownFileType = sourcecode.swift; path = "TranslateController+Actions.swift"; sourceTree = "<group>"; };
		1D7451B920C4306B0089D961 /* Inceptionv3.mlmodel */ = {isa = PBXFileReference; lastKnownFileType = file.mlmodel; path = Inceptionv3.mlmodel; sourceTree = "<group>"; };
		1D745CC821D224D2008A974F /* HistoryController+Search.swift */ = {isa = PBXFileReference; lastKnownFileType = sourcecode.swift; path = "HistoryController+Search.swift"; sourceTree = "<group>"; };
		1D745CCC21D22542008A974F /* HistoryController+TableView.swift */ = {isa = PBXFileReference; lastKnownFileType = sourcecode.swift; path = "HistoryController+TableView.swift"; sourceTree = "<group>"; };
		1D745CCE21D228AE008A974F /* HeaderCell.swift */ = {isa = PBXFileReference; lastKnownFileType = sourcecode.swift; path = HeaderCell.swift; sourceTree = "<group>"; };
		1D745CD121D228E6008A974F /* HeaderView.swift */ = {isa = PBXFileReference; lastKnownFileType = sourcecode.swift; path = HeaderView.swift; sourceTree = "<group>"; };
		1D94B77020CB2B210000B065 /* LanguagesController.swift */ = {isa = PBXFileReference; lastKnownFileType = sourcecode.swift; path = LanguagesController.swift; sourceTree = "<group>"; };
		1D95A9E921CAC122002EDAF1 /* TranslationItemsDelegate.swift */ = {isa = PBXFileReference; lastKnownFileType = sourcecode.swift; path = TranslationItemsDelegate.swift; sourceTree = "<group>"; };
		1D95A9ED21CACCB0002EDAF1 /* PermissionsController.swift */ = {isa = PBXFileReference; lastKnownFileType = sourcecode.swift; path = PermissionsController.swift; sourceTree = "<group>"; };
		1D95A9F021CAD026002EDAF1 /* UIView+Constraints.swift */ = {isa = PBXFileReference; lastKnownFileType = sourcecode.swift; path = "UIView+Constraints.swift"; sourceTree = "<group>"; };
		1D95A9F421CAF725002EDAF1 /* LaunchScreen.storyboard */ = {isa = PBXFileReference; fileEncoding = 4; lastKnownFileType = file.storyboard; path = LaunchScreen.storyboard; sourceTree = "<group>"; };
		1DC8A43621CD9DE10083506F /* ARDetailViewDelegate.swift */ = {isa = PBXFileReference; lastKnownFileType = sourcecode.swift; path = ARDetailViewDelegate.swift; sourceTree = "<group>"; };
		1DC8A43821CE39B90083506F /* ToolTipView.swift */ = {isa = PBXFileReference; lastKnownFileType = sourcecode.swift; path = ToolTipView.swift; sourceTree = "<group>"; };
		1DC8A43A21CEDC3B0083506F /* HistoryView.swift */ = {isa = PBXFileReference; lastKnownFileType = sourcecode.swift; path = HistoryView.swift; sourceTree = "<group>"; };
		1DEC7D1121C574A500BBEDD3 /* NeverClearView.swift */ = {isa = PBXFileReference; lastKnownFileType = sourcecode.swift; path = NeverClearView.swift; sourceTree = "<group>"; };
		1DEC7D1321C5771900BBEDD3 /* DidUpdateLanguage.swift */ = {isa = PBXFileReference; lastKnownFileType = sourcecode.swift; path = DidUpdateLanguage.swift; sourceTree = "<group>"; };
		1DEC7D2021C69C4300BBEDD3 /* AddButtonProtocol.swift */ = {isa = PBXFileReference; lastKnownFileType = sourcecode.swift; path = AddButtonProtocol.swift; sourceTree = "<group>"; };
		1DEC7D2421C6CFCE00BBEDD3 /* ARDetailView.xib */ = {isa = PBXFileReference; lastKnownFileType = file.xib; path = ARDetailView.xib; sourceTree = "<group>"; };
		1DEC7D2A21C6F40200BBEDD3 /* NibView.swift */ = {isa = PBXFileReference; lastKnownFileType = sourcecode.swift; path = NibView.swift; sourceTree = "<group>"; };
		1DEC7D3121C7CB8900BBEDD3 /* CustomView.swift */ = {isa = PBXFileReference; lastKnownFileType = sourcecode.swift; path = CustomView.swift; sourceTree = "<group>"; };
		1DEE6F2E21BB1363006D3830 /* SettingsController.swift */ = {isa = PBXFileReference; lastKnownFileType = sourcecode.swift; path = SettingsController.swift; sourceTree = "<group>"; };
		1DF2BCEF21C1A7DC00D5E29B /* LanguagesController+TableView.swift */ = {isa = PBXFileReference; lastKnownFileType = sourcecode.swift; path = "LanguagesController+TableView.swift"; sourceTree = "<group>"; };
		1DF2BCF121C1AA1C00D5E29B /* SettingsCell.swift */ = {isa = PBXFileReference; lastKnownFileType = sourcecode.swift; path = SettingsCell.swift; sourceTree = "<group>"; };
		1DF2BCFC21C2BC5300D5E29B /* Colors.xcassets */ = {isa = PBXFileReference; lastKnownFileType = folder.assetcatalog; path = Colors.xcassets; sourceTree = "<group>"; };
		1DF2BCFE21C2CF1D00D5E29B /* AddButtonView.swift */ = {isa = PBXFileReference; lastKnownFileType = sourcecode.swift; path = AddButtonView.swift; sourceTree = "<group>"; };
		1DF2BD0321C38C3D00D5E29B /* NSMutableStringExtensions.swift */ = {isa = PBXFileReference; lastKnownFileType = sourcecode.swift; path = NSMutableStringExtensions.swift; sourceTree = "<group>"; };
		1DF2BD0621C38C7B00D5E29B /* WelcomeController.swift */ = {isa = PBXFileReference; lastKnownFileType = sourcecode.swift; path = WelcomeController.swift; sourceTree = "<group>"; };
		1DF2BD0821C4500B00D5E29B /* CustomButton.swift */ = {isa = PBXFileReference; lastKnownFileType = sourcecode.swift; path = CustomButton.swift; sourceTree = "<group>"; };
/* End PBXFileReference section */

/* Begin PBXFrameworksBuildPhase section */
		1D441E2520726EFE005E2ADD /* Frameworks */ = {
			isa = PBXFrameworksBuildPhase;
			buildActionMask = 2147483647;
			files = (
				1D65E4E021CE612800DB52A5 /* RandomColor.framework in Frameworks */,
				1D65E4DE21CE612800DB52A5 /* Flags.framework in Frameworks */,
				1D65E4DF21CE612800DB52A5 /* EasyTipView.framework in Frameworks */,
				1D65E4E221CE612800DB52A5 /* ZLSwipeableViewSwift.framework in Frameworks */,
				1D65E4E321CE612800DB52A5 /* FunctionalTableData.framework in Frameworks */,
				1D65E4E121CE612800DB52A5 /* TBEmptyDataSet.framework in Frameworks */,
			);
			runOnlyForDeploymentPostprocessing = 0;
		};
/* End PBXFrameworksBuildPhase section */

/* Begin PBXGroup section */
		1D21F77F21D4117A00364C59 /* Helper Views */ = {
			isa = PBXGroup;
			children = (
				1DF2BD0821C4500B00D5E29B /* CustomButton.swift */,
				1D21F78821D4BCB300364C59 /* BasicButton.swift */,
				1D21F78021D411B600364C59 /* TitleLabel.swift */,
				1D21F77D21D410FD00364C59 /* DescriptionLabel.swift */,
			);
			path = "Helper Views";
			sourceTree = "<group>";
		};
		1D23B94E2097AB8000121E8F /* Google API */ = {
			isa = PBXGroup;
			children = (
				1D23B94C2097AB7C00121E8F /* GoogleTranslateAPI.swift */,
				1D23B94F2097AC3E00121E8F /* Keys.swift */,
			);
			path = "Google API";
			sourceTree = "<group>";
		};
		1D23B9512097C58E00121E8F /* Language */ = {
			isa = PBXGroup;
			children = (
				1D441E6E20726F22005E2ADD /* Language.swift */,
				1D23B9542097C5AF00121E8F /* LanguagesList.swift */,
				1D23B9522097C59D00121E8F /* LanguageData.swift */,
			);
			path = Language;
			sourceTree = "<group>";
		};
		1D23B95E2098945100121E8F /* Translation */ = {
			isa = PBXGroup;
			children = (
				1D23B95820986BB700121E8F /* Translation.swift */,
				1D23B95C2098944C00121E8F /* TranslationData.swift */,
				1D23B95F2098945D00121E8F /* TranslationList.swift */,
				1D104C8C21BF91A5000396C5 /* TranslationItems.swift */,
				1D95A9E921CAC122002EDAF1 /* TranslationItemsDelegate.swift */,
			);
			path = Translation;
			sourceTree = "<group>";
		};
		1D2D630321BA6A9500F4FABD /* Controllers */ = {
			isa = PBXGroup;
			children = (
				1D441EAF20727BD9005E2ADD /* TabBar */,
				1DF2BD0521C38C5700D5E29B /* Onboarding */,
				1D441E5920726F22005E2ADD /* Translate */,
				1D441E7020726F22005E2ADD /* History */,
				1DEE6F3021BB14FA006D3830 /* Settings */,
				1D94B76D20CB29FF0000B065 /* Languages */,
				1DEC7D2E21C7A08200BBEDD3 /* Cards */,
			);
			path = Controllers;
			sourceTree = "<group>";
		};
		1D412B9620D66D8F006CD60A /* Focus Square */ = {
			isa = PBXGroup;
			children = (
				1D412B9820D66D9F006CD60A /* FocusSquare.swift */,
				1D412B9920D66D9F006CD60A /* FocusSquare+Extensions.swift */,
				1D412B9720D66D9E006CD60A /* FocusSquareSegment.swift */,
				1D412B9A20D66D9F006CD60A /* Utilities */,
			);
			path = "Focus Square";
			sourceTree = "<group>";
		};
		1D412B9A20D66D9F006CD60A /* Utilities */ = {
			isa = PBXGroup;
			children = (
				1D412B9B20D66D9F006CD60A /* Utilities.swift */,
			);
			path = Utilities;
			sourceTree = "<group>";
		};
		1D441E1F20726EFE005E2ADD = {
			isa = PBXGroup;
			children = (
				1D65E4D921CE612700DB52A5 /* EasyTipView.framework */,
				1D65E4D821CE612700DB52A5 /* Flags.framework */,
				1D65E4DD21CE612800DB52A5 /* FunctionalTableData.framework */,
				1D65E4DA21CE612700DB52A5 /* RandomColor.framework */,
				1D65E4DB21CE612700DB52A5 /* TBEmptyDataSet.framework */,
				1D65E4DC21CE612800DB52A5 /* ZLSwipeableViewSwift.framework */,
				1D441E2A20726EFE005E2ADD /* LanguageTranslationAR */,
				1D441E2920726EFE005E2ADD /* Products */,
			);
			sourceTree = "<group>";
		};
		1D441E2920726EFE005E2ADD /* Products */ = {
			isa = PBXGroup;
			children = (
				1D441E2820726EFE005E2ADD /* LanguageTranslationAR.app */,
			);
			name = Products;
			sourceTree = "<group>";
		};
		1D441E2A20726EFE005E2ADD /* LanguageTranslationAR */ = {
			isa = PBXGroup;
			children = (
				1D441E2B20726EFE005E2ADD /* AppDelegate.swift */,
				1D23B94E2097AB8000121E8F /* Google API */,
				1D441E6C20726F22005E2ADD /* Models */,
				1D2D630321BA6A9500F4FABD /* Controllers */,
				1D441E6220726F22005E2ADD /* Extensions */,
				1D745CD421D241FA008A974F /* Supporting Files */,
			);
			path = LanguageTranslationAR;
			sourceTree = "<group>";
		};
		1D441E5920726F22005E2ADD /* Translate */ = {
			isa = PBXGroup;
			children = (
				1DEC7D2621C6CFD900BBEDD3 /* TranslateController */,
				1D65E4E821CE6D4800DB52A5 /* Helper Classes */,
				1DEC7D2721C6CFF300BBEDD3 /* Helper Views */,
			);
			path = Translate;
			sourceTree = "<group>";
		};
		1D441E6220726F22005E2ADD /* Extensions */ = {
			isa = PBXGroup;
			children = (
				1DF2BD0321C38C3D00D5E29B /* NSMutableStringExtensions.swift */,
				1D21F78621D42A0800364C59 /* UIViewController+Extensions.swift */,
				1D104C8821BF0ADA000396C5 /* String+Localization.swift */,
				1DEC7D2A21C6F40200BBEDD3 /* NibView.swift */,
				1D95A9F021CAD026002EDAF1 /* UIView+Constraints.swift */,
				1D65E4E621CE6CAF00DB52A5 /* UIView+Extensions.swift */,
			);
			path = Extensions;
			sourceTree = "<group>";
		};
		1D441E6C20726F22005E2ADD /* Models */ = {
			isa = PBXGroup;
			children = (
				1D23B95E2098945100121E8F /* Translation */,
				1D23B9512097C58E00121E8F /* Language */,
			);
			name = Models;
			path = Sources/Models;
			sourceTree = "<group>";
		};
		1D441E7020726F22005E2ADD /* History */ = {
			isa = PBXGroup;
			children = (
				1D441E7320726F22005E2ADD /* HistoryController.swift */,
				1D745CCC21D22542008A974F /* HistoryController+TableView.swift */,
				1D745CC821D224D2008A974F /* HistoryController+Search.swift */,
				1D745CD521D245E3008A974F /* HistoryCell */,
			);
			path = History;
			sourceTree = "<group>";
		};
		1D441EAF20727BD9005E2ADD /* TabBar */ = {
			isa = PBXGroup;
			children = (
				1D104C8621BF09DF000396C5 /* ApplicationTab.swift */,
				1D2D630621BA6FC700F4FABD /* TabBarController.swift */,
			);
			path = TabBar;
			sourceTree = "<group>";
		};
		1D65245921C93A1B00EB2D5C /* ARDetailView */ = {
			isa = PBXGroup;
			children = (
				1DEC7D2421C6CFCE00BBEDD3 /* ARDetailView.xib */,
				1D65245721C93A1800EB2D5C /* ARDetailView.swift */,
				1DC8A43621CD9DE10083506F /* ARDetailViewDelegate.swift */,
			);
			path = ARDetailView;
			sourceTree = "<group>";
		};
		1D65245C21C944B900EB2D5C /* FeedbackView */ = {
			isa = PBXGroup;
			children = (
				1D65245A21C9417300EB2D5C /* CurrentDetectionView.swift */,
			);
			path = FeedbackView;
			sourceTree = "<group>";
		};
		1D65E4E821CE6D4800DB52A5 /* Helper Classes */ = {
			isa = PBXGroup;
			children = (
				1D412B9620D66D8F006CD60A /* Focus Square */,
				1D441E6620726F22005E2ADD /* TextToSpeech.swift */,
				1D65E4E421CE6BC700DB52A5 /* TranslationNode.swift */,
			);
			name = "Helper Classes";
			path = "TranslateController/Helper Classes";
			sourceTree = "<group>";
		};
		1D745CD021D228B6008A974F /* HeaderCell */ = {
			isa = PBXGroup;
			children = (
				1D745CCE21D228AE008A974F /* HeaderCell.swift */,
				1D745CD121D228E6008A974F /* HeaderView.swift */,
			);
			path = HeaderCell;
			sourceTree = "<group>";
		};
		1D745CD321D22916008A974F /* SettingsCell */ = {
			isa = PBXGroup;
			children = (
				1DF2BCF121C1AA1C00D5E29B /* SettingsCell.swift */,
				1D21F77921D3AD9100364C59 /* SettingsView.swift */,
				1DEC7D1121C574A500BBEDD3 /* NeverClearView.swift */,
			);
			path = SettingsCell;
			sourceTree = "<group>";
		};
		1D745CD421D241FA008A974F /* Supporting Files */ = {
			isa = PBXGroup;
			children = (
				1D7451B920C4306B0089D961 /* Inceptionv3.mlmodel */,
				1D441E3720726F01005E2ADD /* Info.plist */,
				1D95A9F421CAF725002EDAF1 /* LaunchScreen.storyboard */,
				1D23B96E2098FEDD00121E8F /* Localizable.strings */,
				1D23B97420990AA000121E8F /* InfoPlist.strings */,
				1D441E3220726F00005E2ADD /* Assets.xcassets */,
				1DF2BCFC21C2BC5300D5E29B /* Colors.xcassets */,
			);
			path = "Supporting Files";
			sourceTree = "<group>";
		};
		1D745CD521D245E3008A974F /* HistoryCell */ = {
			isa = PBXGroup;
			children = (
				1D441E7420726F22005E2ADD /* HistoryCell.swift */,
				1DC8A43A21CEDC3B0083506F /* HistoryView.swift */,
			);
			path = HistoryCell;
			sourceTree = "<group>";
		};
		1D745CD621D280B7008A974F /* Helper Classes */ = {
			isa = PBXGroup;
			children = (
				1D32525120D57C670061517C /* LanguagePreferences.swift */,
			);
			path = "Helper Classes";
			sourceTree = "<group>";
		};
		1D94B76D20CB29FF0000B065 /* Languages */ = {
			isa = PBXGroup;
			children = (
				1D94B77020CB2B210000B065 /* LanguagesController.swift */,
				1D21F78421D41E5A00364C59 /* LanguagesController+Search.swift */,
				1DF2BCEF21C1A7DC00D5E29B /* LanguagesController+TableView.swift */,
				1D745CD621D280B7008A974F /* Helper Classes */,
			);
			path = Languages;
			sourceTree = "<group>";
		};
		1DEC7D1F21C69C2700BBEDD3 /* PlusButton */ = {
			isa = PBXGroup;
			children = (
				1DF2BCFE21C2CF1D00D5E29B /* AddButtonView.swift */,
				1DEC7D2021C69C4300BBEDD3 /* AddButtonProtocol.swift */,
				1DC8A43821CE39B90083506F /* ToolTipView.swift */,
			);
			path = PlusButton;
			sourceTree = "<group>";
		};
		1DEC7D2621C6CFD900BBEDD3 /* TranslateController */ = {
			isa = PBXGroup;
			children = (
				1D441E6020726F22005E2ADD /* TranslateController.swift */,
				1D441E5F20726F22005E2ADD /* TranslateController+Views.swift */,
				1D441E5B20726F22005E2ADD /* TranslateController+ARKit.swift */,
				1D23B95A20986D1100121E8F /* TranslateController+API.swift */,
				1D441E5C20726F22005E2ADD /* TranslateController+CoreML.swift */,
				1D65E4E921CE708600DB52A5 /* TranslateController+Actions.swift */,
			);
			path = TranslateController;
			sourceTree = "<group>";
		};
		1DEC7D2721C6CFF300BBEDD3 /* Helper Views */ = {
			isa = PBXGroup;
			children = (
				1DEC7D1F21C69C2700BBEDD3 /* PlusButton */,
				1DEC7D3321C7CB9000BBEDD3 /* CustomView */,
				1D65245921C93A1B00EB2D5C /* ARDetailView */,
				1D65245C21C944B900EB2D5C /* FeedbackView */,
			);
			path = "Helper Views";
			sourceTree = "<group>";
		};
		1DEC7D2E21C7A08200BBEDD3 /* Cards */ = {
			isa = PBXGroup;
			children = (
				1D65245F21CA735800EB2D5C /* CardsController.swift */,
				1D65245D21CA733300EB2D5C /* CardView.swift */,
			);
			path = Cards;
			sourceTree = "<group>";
		};
		1DEC7D3321C7CB9000BBEDD3 /* CustomView */ = {
			isa = PBXGroup;
			children = (
				1DEC7D3121C7CB8900BBEDD3 /* CustomView.swift */,
			);
			path = CustomView;
			sourceTree = "<group>";
		};
		1DEE6F3021BB14FA006D3830 /* Settings */ = {
			isa = PBXGroup;
			children = (
				1DEE6F2E21BB1363006D3830 /* SettingsController.swift */,
				1DEC7D1321C5771900BBEDD3 /* DidUpdateLanguage.swift */,
				1D745CD321D22916008A974F /* SettingsCell */,
				1D745CD021D228B6008A974F /* HeaderCell */,
			);
			path = Settings;
			sourceTree = "<group>";
		};
		1DF2BD0521C38C5700D5E29B /* Onboarding */ = {
			isa = PBXGroup;
			children = (
				1DF2BD0621C38C7B00D5E29B /* WelcomeController.swift */,
				1D95A9ED21CACCB0002EDAF1 /* PermissionsController.swift */,
				1D21F78221D411DE00364C59 /* LearningController.swift */,
				1D21F77F21D4117A00364C59 /* Helper Views */,
			);
			path = Onboarding;
			sourceTree = "<group>";
		};
/* End PBXGroup section */

/* Begin PBXNativeTarget section */
		1D441E2720726EFE005E2ADD /* LanguageTranslationAR */ = {
			isa = PBXNativeTarget;
			buildConfigurationList = 1D441E3A20726F01005E2ADD /* Build configuration list for PBXNativeTarget "LanguageTranslationAR" */;
			buildPhases = (
				1D441E2420726EFE005E2ADD /* Sources */,
				1D441E2520726EFE005E2ADD /* Frameworks */,
				1D441E2620726EFE005E2ADD /* Resources */,
				1DEE705F21BEB21B006D3830 /* Embed Frameworks */,
				1DEE706021BEB25A006D3830 /* Carthage */,
			);
			buildRules = (
			);
			dependencies = (
			);
			name = LanguageTranslationAR;
			productName = LanguageTranslationAR;
			productReference = 1D441E2820726EFE005E2ADD /* LanguageTranslationAR.app */;
			productType = "com.apple.product-type.application";
		};
/* End PBXNativeTarget section */

/* Begin PBXProject section */
		1D441E2020726EFE005E2ADD /* Project object */ = {
			isa = PBXProject;
			attributes = {
				LastSwiftUpdateCheck = 0930;
				LastUpgradeCheck = 0930;
				ORGANIZATIONNAME = "Cesare de Cal";
				TargetAttributes = {
					1D441E2720726EFE005E2ADD = {
						CreatedOnToolsVersion = 9.3;
						LastSwiftMigration = 1000;
					};
				};
			};
			buildConfigurationList = 1D441E2320726EFE005E2ADD /* Build configuration list for PBXProject "LanguageTranslationAR" */;
			compatibilityVersion = "Xcode 9.3";
			developmentRegion = en;
			hasScannedForEncodings = 0;
			knownRegions = (
				en,
				Base,
				it,
			);
			mainGroup = 1D441E1F20726EFE005E2ADD;
			productRefGroup = 1D441E2920726EFE005E2ADD /* Products */;
			projectDirPath = "";
			projectRoot = "";
			targets = (
				1D441E2720726EFE005E2ADD /* LanguageTranslationAR */,
			);
		};
/* End PBXProject section */

/* Begin PBXResourcesBuildPhase section */
		1D441E2620726EFE005E2ADD /* Resources */ = {
			isa = PBXResourcesBuildPhase;
			buildActionMask = 2147483647;
			files = (
				1DF2BCFD21C2BC5300D5E29B /* Colors.xcassets in Resources */,
				1D23B97220990AA000121E8F /* InfoPlist.strings in Resources */,
				1DEC7D2521C6CFCE00BBEDD3 /* ARDetailView.xib in Resources */,
				1D95A9F521CAF725002EDAF1 /* LaunchScreen.storyboard in Resources */,
				1D23B96C2098FEDD00121E8F /* Localizable.strings in Resources */,
				1D441E3320726F00005E2ADD /* Assets.xcassets in Resources */,
			);
			runOnlyForDeploymentPostprocessing = 0;
		};
/* End PBXResourcesBuildPhase section */

/* Begin PBXShellScriptBuildPhase section */
		1DEE706021BEB25A006D3830 /* Carthage */ = {
			isa = PBXShellScriptBuildPhase;
			buildActionMask = 2147483647;
			files = (
			);
			inputFileListPaths = (
			);
			inputPaths = (
				"$(SRCROOT)/Carthage/Build/iOS/FunctionalTableData.framework",
				"$(SRCROOT)/Carthage/Build/iOS/Flags.framework",
				"$(SRCROOT)/Carthage/Build/iOS/TBEmptyDataSet.framework",
				"$(SRCROOT)/Carthage/Build/iOS/ZLSwipeableViewSwift.framework",
				"$(SRCROOT)/Carthage/Build/iOS/RandomColor.framework",
				"$(SRCROOT)/Carthage/Build/iOS/EasyTipView.framework",
			);
			name = Carthage;
			outputFileListPaths = (
			);
			outputPaths = (
			);
			runOnlyForDeploymentPostprocessing = 0;
			shellPath = /bin/sh;
			shellScript = "/usr/local/bin/carthage copy-frameworks\n";
		};
/* End PBXShellScriptBuildPhase section */

/* Begin PBXSourcesBuildPhase section */
		1D441E2420726EFE005E2ADD /* Sources */ = {
			isa = PBXSourcesBuildPhase;
			buildActionMask = 2147483647;
			files = (
				1D412B9D20D66D9F006CD60A /* FocusSquare.swift in Sources */,
				1D412B9F20D66D9F006CD60A /* Utilities.swift in Sources */,
				1D2D630721BA6FC700F4FABD /* TabBarController.swift in Sources */,
				1D441EA820726F22005E2ADD /* HistoryCell.swift in Sources */,
				1D23B9502097AC3E00121E8F /* Keys.swift in Sources */,
				1D95A9EA21CAC122002EDAF1 /* TranslationItemsDelegate.swift in Sources */,
				1D745CC921D224D2008A974F /* HistoryController+Search.swift in Sources */,
				1DF2BD0421C38C3D00D5E29B /* NSMutableStringExtensions.swift in Sources */,
				1D745CCD21D22542008A974F /* HistoryController+TableView.swift in Sources */,
				1DEC7D3221C7CB8900BBEDD3 /* CustomView.swift in Sources */,
				1D21F78921D4BCB300364C59 /* BasicButton.swift in Sources */,
				1D65E4E521CE6BC700DB52A5 /* TranslationNode.swift in Sources */,
				1D65E4E721CE6CAF00DB52A5 /* UIView+Extensions.swift in Sources */,
				1D7451BA20C4306C0089D961 /* Inceptionv3.mlmodel in Sources */,
				1D32525220D57C670061517C /* LanguagePreferences.swift in Sources */,
				1D94B77120CB2B210000B065 /* LanguagesController.swift in Sources */,
				1DC8A43921CE39B90083506F /* ToolTipView.swift in Sources */,
				1D441EA320726F22005E2ADD /* Language.swift in Sources */,
				1D23B95B20986D1100121E8F /* TranslateController+API.swift in Sources */,
				1DF2BCF221C1AA1C00D5E29B /* SettingsCell.swift in Sources */,
				1D441E9D20726F22005E2ADD /* TextToSpeech.swift in Sources */,
				1DEE6F2F21BB1363006D3830 /* SettingsController.swift in Sources */,
				1D23B9532097C59D00121E8F /* LanguageData.swift in Sources */,
				1D412B9C20D66D9F006CD60A /* FocusSquareSegment.swift in Sources */,
				1D412B9E20D66D9F006CD60A /* FocusSquare+Extensions.swift in Sources */,
				1DEC7D1421C5771900BBEDD3 /* DidUpdateLanguage.swift in Sources */,
				1D745CCF21D228AE008A974F /* HeaderCell.swift in Sources */,
				1D23B95920986BB700121E8F /* Translation.swift in Sources */,
				1D23B95D2098944C00121E8F /* TranslationData.swift in Sources */,
				1DEC7D2B21C6F40200BBEDD3 /* NibView.swift in Sources */,
				1DC8A43B21CEDC3B0083506F /* HistoryView.swift in Sources */,
				1D21F78321D411DE00364C59 /* LearningController.swift in Sources */,
				1D21F78721D42A0800364C59 /* UIViewController+Extensions.swift in Sources */,
				1D65245821C93A1800EB2D5C /* ARDetailView.swift in Sources */,
				1DEC7D1221C574A500BBEDD3 /* NeverClearView.swift in Sources */,
				1D95A9F121CAD026002EDAF1 /* UIView+Constraints.swift in Sources */,
				1D21F78121D411B600364C59 /* TitleLabel.swift in Sources */,
				1D441E2C20726EFE005E2ADD /* AppDelegate.swift in Sources */,
				1D441E9420726F22005E2ADD /* TranslateController+CoreML.swift in Sources */,
				1DF2BCF021C1A7DC00D5E29B /* LanguagesController+TableView.swift in Sources */,
				1D104C8D21BF91A5000396C5 /* TranslationItems.swift in Sources */,
				1DF2BD0921C4500B00D5E29B /* CustomButton.swift in Sources */,
				1D21F78521D41E5A00364C59 /* LanguagesController+Search.swift in Sources */,
				1DC8A43721CD9DE10083506F /* ARDetailViewDelegate.swift in Sources */,
				1D65246021CA735800EB2D5C /* CardsController.swift in Sources */,
				1D65245B21C9417300EB2D5C /* CurrentDetectionView.swift in Sources */,
				1D23B9602098945D00121E8F /* TranslationList.swift in Sources */,
				1D95A9EE21CACCB0002EDAF1 /* PermissionsController.swift in Sources */,
				1D104C8921BF0ADA000396C5 /* String+Localization.swift in Sources */,
				1D65E4EA21CE708600DB52A5 /* TranslateController+Actions.swift in Sources */,
				1DF2BCFF21C2CF1D00D5E29B /* AddButtonView.swift in Sources */,
				1D23B94D2097AB7C00121E8F /* GoogleTranslateAPI.swift in Sources */,
				1D21F77A21D3AD9100364C59 /* SettingsView.swift in Sources */,
				1D104C8721BF09DF000396C5 /* ApplicationTab.swift in Sources */,
				1D745CD221D228E6008A974F /* HeaderView.swift in Sources */,
				1D441E9320726F22005E2ADD /* TranslateController+ARKit.swift in Sources */,
				1DF2BD0721C38C7B00D5E29B /* WelcomeController.swift in Sources */,
				1D65245E21CA733300EB2D5C /* CardView.swift in Sources */,
				1D441E9820726F22005E2ADD /* TranslateController.swift in Sources */,
				1D441E9720726F22005E2ADD /* TranslateController+Views.swift in Sources */,
				1D23B9552097C5AF00121E8F /* LanguagesList.swift in Sources */,
				1D21F77E21D410FD00364C59 /* DescriptionLabel.swift in Sources */,
				1D441EA720726F22005E2ADD /* HistoryController.swift in Sources */,
				1DEC7D2121C69C4300BBEDD3 /* AddButtonProtocol.swift in Sources */,
			);
			runOnlyForDeploymentPostprocessing = 0;
		};
/* End PBXSourcesBuildPhase section */

/* Begin PBXVariantGroup section */
		1D23B96E2098FEDD00121E8F /* Localizable.strings */ = {
			isa = PBXVariantGroup;
			children = (
				1D23B96D2098FEDD00121E8F /* en */,
				1D23B96F2098FEDF00121E8F /* it */,
			);
			name = Localizable.strings;
			sourceTree = "<group>";
		};
		1D23B97420990AA000121E8F /* InfoPlist.strings */ = {
			isa = PBXVariantGroup;
			children = (
				1D23B97320990AA000121E8F /* en */,
				1D23B97520990AA200121E8F /* it */,
			);
			name = InfoPlist.strings;
			sourceTree = "<group>";
		};
/* End PBXVariantGroup section */

/* Begin XCBuildConfiguration section */
		1D441E3820726F01005E2ADD /* Debug */ = {
			isa = XCBuildConfiguration;
			buildSettings = {
				ALWAYS_SEARCH_USER_PATHS = NO;
				CLANG_ANALYZER_LOCALIZABILITY_NONLOCALIZED = YES;
				CLANG_ANALYZER_NONNULL = YES;
				CLANG_ANALYZER_NUMBER_OBJECT_CONVERSION = YES_AGGRESSIVE;
				CLANG_CXX_LANGUAGE_STANDARD = "gnu++14";
				CLANG_CXX_LIBRARY = "libc++";
				CLANG_ENABLE_MODULES = YES;
				CLANG_ENABLE_OBJC_ARC = YES;
				CLANG_ENABLE_OBJC_WEAK = YES;
				CLANG_WARN_BLOCK_CAPTURE_AUTORELEASING = YES;
				CLANG_WARN_BOOL_CONVERSION = YES;
				CLANG_WARN_COMMA = YES;
				CLANG_WARN_CONSTANT_CONVERSION = YES;
				CLANG_WARN_DEPRECATED_OBJC_IMPLEMENTATIONS = YES;
				CLANG_WARN_DIRECT_OBJC_ISA_USAGE = YES_ERROR;
				CLANG_WARN_DOCUMENTATION_COMMENTS = YES;
				CLANG_WARN_EMPTY_BODY = YES;
				CLANG_WARN_ENUM_CONVERSION = YES;
				CLANG_WARN_INFINITE_RECURSION = YES;
				CLANG_WARN_INT_CONVERSION = YES;
				CLANG_WARN_NON_LITERAL_NULL_CONVERSION = YES;
				CLANG_WARN_OBJC_IMPLICIT_RETAIN_SELF = YES;
				CLANG_WARN_OBJC_LITERAL_CONVERSION = YES;
				CLANG_WARN_OBJC_ROOT_CLASS = YES_ERROR;
				CLANG_WARN_RANGE_LOOP_ANALYSIS = YES;
				CLANG_WARN_STRICT_PROTOTYPES = YES;
				CLANG_WARN_SUSPICIOUS_MOVE = YES;
				CLANG_WARN_UNGUARDED_AVAILABILITY = YES_AGGRESSIVE;
				CLANG_WARN_UNREACHABLE_CODE = YES;
				CLANG_WARN__DUPLICATE_METHOD_MATCH = YES;
				CODE_SIGN_IDENTITY = "iPhone Developer";
				COPY_PHASE_STRIP = NO;
				DEBUG_INFORMATION_FORMAT = dwarf;
				ENABLE_STRICT_OBJC_MSGSEND = YES;
				ENABLE_TESTABILITY = YES;
				GCC_C_LANGUAGE_STANDARD = gnu11;
				GCC_DYNAMIC_NO_PIC = NO;
				GCC_NO_COMMON_BLOCKS = YES;
				GCC_OPTIMIZATION_LEVEL = 0;
				GCC_PREPROCESSOR_DEFINITIONS = (
					"DEBUG=1",
					"$(inherited)",
				);
				GCC_WARN_64_TO_32_BIT_CONVERSION = YES;
				GCC_WARN_ABOUT_RETURN_TYPE = YES_ERROR;
				GCC_WARN_UNDECLARED_SELECTOR = YES;
				GCC_WARN_UNINITIALIZED_AUTOS = YES_AGGRESSIVE;
				GCC_WARN_UNUSED_FUNCTION = YES;
				GCC_WARN_UNUSED_VARIABLE = YES;
				IPHONEOS_DEPLOYMENT_TARGET = 11.3;
				MTL_ENABLE_DEBUG_INFO = YES;
				ONLY_ACTIVE_ARCH = YES;
				SDKROOT = iphoneos;
				SWIFT_ACTIVE_COMPILATION_CONDITIONS = DEBUG;
				SWIFT_COMPILATION_MODE = singlefile;
				SWIFT_OPTIMIZATION_LEVEL = "-Onone";
			};
			name = Debug;
		};
		1D441E3920726F01005E2ADD /* Release */ = {
			isa = XCBuildConfiguration;
			buildSettings = {
				ALWAYS_SEARCH_USER_PATHS = NO;
				CLANG_ANALYZER_LOCALIZABILITY_NONLOCALIZED = YES;
				CLANG_ANALYZER_NONNULL = YES;
				CLANG_ANALYZER_NUMBER_OBJECT_CONVERSION = YES_AGGRESSIVE;
				CLANG_CXX_LANGUAGE_STANDARD = "gnu++14";
				CLANG_CXX_LIBRARY = "libc++";
				CLANG_ENABLE_MODULES = YES;
				CLANG_ENABLE_OBJC_ARC = YES;
				CLANG_ENABLE_OBJC_WEAK = YES;
				CLANG_WARN_BLOCK_CAPTURE_AUTORELEASING = YES;
				CLANG_WARN_BOOL_CONVERSION = YES;
				CLANG_WARN_COMMA = YES;
				CLANG_WARN_CONSTANT_CONVERSION = YES;
				CLANG_WARN_DEPRECATED_OBJC_IMPLEMENTATIONS = YES;
				CLANG_WARN_DIRECT_OBJC_ISA_USAGE = YES_ERROR;
				CLANG_WARN_DOCUMENTATION_COMMENTS = YES;
				CLANG_WARN_EMPTY_BODY = YES;
				CLANG_WARN_ENUM_CONVERSION = YES;
				CLANG_WARN_INFINITE_RECURSION = YES;
				CLANG_WARN_INT_CONVERSION = YES;
				CLANG_WARN_NON_LITERAL_NULL_CONVERSION = YES;
				CLANG_WARN_OBJC_IMPLICIT_RETAIN_SELF = YES;
				CLANG_WARN_OBJC_LITERAL_CONVERSION = YES;
				CLANG_WARN_OBJC_ROOT_CLASS = YES_ERROR;
				CLANG_WARN_RANGE_LOOP_ANALYSIS = YES;
				CLANG_WARN_STRICT_PROTOTYPES = YES;
				CLANG_WARN_SUSPICIOUS_MOVE = YES;
				CLANG_WARN_UNGUARDED_AVAILABILITY = YES_AGGRESSIVE;
				CLANG_WARN_UNREACHABLE_CODE = YES;
				CLANG_WARN__DUPLICATE_METHOD_MATCH = YES;
				CODE_SIGN_IDENTITY = "iPhone Developer";
				COPY_PHASE_STRIP = NO;
				DEBUG_INFORMATION_FORMAT = "dwarf-with-dsym";
				ENABLE_NS_ASSERTIONS = NO;
				ENABLE_STRICT_OBJC_MSGSEND = YES;
				GCC_C_LANGUAGE_STANDARD = gnu11;
				GCC_NO_COMMON_BLOCKS = YES;
				GCC_WARN_64_TO_32_BIT_CONVERSION = YES;
				GCC_WARN_ABOUT_RETURN_TYPE = YES_ERROR;
				GCC_WARN_UNDECLARED_SELECTOR = YES;
				GCC_WARN_UNINITIALIZED_AUTOS = YES_AGGRESSIVE;
				GCC_WARN_UNUSED_FUNCTION = YES;
				GCC_WARN_UNUSED_VARIABLE = YES;
				IPHONEOS_DEPLOYMENT_TARGET = 11.3;
				MTL_ENABLE_DEBUG_INFO = NO;
				SDKROOT = iphoneos;
				SWIFT_COMPILATION_MODE = wholemodule;
				SWIFT_OPTIMIZATION_LEVEL = "-O";
				VALIDATE_PRODUCT = YES;
			};
			name = Release;
		};
		1D441E3B20726F01005E2ADD /* Debug */ = {
			isa = XCBuildConfiguration;
			buildSettings = {
				ASSETCATALOG_COMPILER_APPICON_NAME = AppIcon;
				CODE_SIGN_STYLE = Automatic;
				DEVELOPMENT_TEAM = G99G8858YN;
				FRAMEWORK_SEARCH_PATHS = (
					"$(inherited)",
					"$(PROJECT_DIR)/Carthage/Build/iOS",
				);
				INFOPLIST_FILE = "$(SRCROOT)/LanguageTranslationAR/Supporting Files/Info.plist";
				IPHONEOS_DEPLOYMENT_TARGET = 11.3;
				LD_RUNPATH_SEARCH_PATHS = (
					"$(inherited)",
					"@executable_path/Frameworks",
				);
				PRODUCT_BUNDLE_IDENTIFIER = com.cesaredecal.LanguageTranslationAR;
				PRODUCT_NAME = "$(TARGET_NAME)";
				SWIFT_VERSION = 4.2;
				TARGETED_DEVICE_FAMILY = "1,2";
			};
			name = Debug;
		};
		1D441E3C20726F01005E2ADD /* Release */ = {
			isa = XCBuildConfiguration;
			buildSettings = {
				ASSETCATALOG_COMPILER_APPICON_NAME = AppIcon;
				CODE_SIGN_STYLE = Automatic;
				DEVELOPMENT_TEAM = G99G8858YN;
				FRAMEWORK_SEARCH_PATHS = (
					"$(inherited)",
					"$(PROJECT_DIR)/Carthage/Build/iOS",
				);
				INFOPLIST_FILE = "$(SRCROOT)/LanguageTranslationAR/Supporting Files/Info.plist";
				IPHONEOS_DEPLOYMENT_TARGET = 11.3;
				LD_RUNPATH_SEARCH_PATHS = (
					"$(inherited)",
					"@executable_path/Frameworks",
				);
				PRODUCT_BUNDLE_IDENTIFIER = com.cesaredecal.LanguageTranslationAR;
				PRODUCT_NAME = "$(TARGET_NAME)";
				SWIFT_VERSION = 4.2;
				TARGETED_DEVICE_FAMILY = "1,2";
			};
			name = Release;
		};
/* End XCBuildConfiguration section */

/* Begin XCConfigurationList section */
		1D441E2320726EFE005E2ADD /* Build configuration list for PBXProject "LanguageTranslationAR" */ = {
			isa = XCConfigurationList;
			buildConfigurations = (
				1D441E3820726F01005E2ADD /* Debug */,
				1D441E3920726F01005E2ADD /* Release */,
			);
			defaultConfigurationIsVisible = 0;
			defaultConfigurationName = Release;
		};
		1D441E3A20726F01005E2ADD /* Build configuration list for PBXNativeTarget "LanguageTranslationAR" */ = {
			isa = XCConfigurationList;
			buildConfigurations = (
				1D441E3B20726F01005E2ADD /* Debug */,
				1D441E3C20726F01005E2ADD /* Release */,
			);
			defaultConfigurationIsVisible = 0;
			defaultConfigurationName = Release;
		};
/* End XCConfigurationList section */
	};
	rootObject = 1D441E2020726EFE005E2ADD /* Project object */;
}
