// !$*UTF8*$!
{
	archiveVersion = 1;
	classes = {
	};
	objectVersion = 50;
	objects = {

/* Begin PBXBuildFile section */
		1D104C8721BF09DF000396C5 /* ApplicationTab.swift in Sources */ = {isa = PBXBuildFile; fileRef = 1D104C8621BF09DF000396C5 /* ApplicationTab.swift */; };
		1D104C8921BF0ADA000396C5 /* String+Localization.swift in Sources */ = {isa = PBXBuildFile; fileRef = 1D104C8821BF0ADA000396C5 /* String+Localization.swift */; };
		1D104C8D21BF91A5000396C5 /* TranslationItems.swift in Sources */ = {isa = PBXBuildFile; fileRef = 1D104C8C21BF91A5000396C5 /* TranslationItems.swift */; };
		1D23B94D2097AB7C00121E8F /* GoogleTranslateAPI.swift in Sources */ = {isa = PBXBuildFile; fileRef = 1D23B94C2097AB7C00121E8F /* GoogleTranslateAPI.swift */; };
		1D23B9502097AC3E00121E8F /* Keys.swift in Sources */ = {isa = PBXBuildFile; fileRef = 1D23B94F2097AC3E00121E8F /* Keys.swift */; };
		1D23B9532097C59D00121E8F /* LanguageData.swift in Sources */ = {isa = PBXBuildFile; fileRef = 1D23B9522097C59D00121E8F /* LanguageData.swift */; };
		1D23B9552097C5AF00121E8F /* LanguagesList.swift in Sources */ = {isa = PBXBuildFile; fileRef = 1D23B9542097C5AF00121E8F /* LanguagesList.swift */; };
		1D23B95920986BB700121E8F /* Translation.swift in Sources */ = {isa = PBXBuildFile; fileRef = 1D23B95820986BB700121E8F /* Translation.swift */; };
		1D23B95B20986D1100121E8F /* DictionaryController+API.swift in Sources */ = {isa = PBXBuildFile; fileRef = 1D23B95A20986D1100121E8F /* DictionaryController+API.swift */; };
		1D23B95D2098944C00121E8F /* TranslationData.swift in Sources */ = {isa = PBXBuildFile; fileRef = 1D23B95C2098944C00121E8F /* TranslationData.swift */; };
		1D23B9602098945D00121E8F /* TranslationList.swift in Sources */ = {isa = PBXBuildFile; fileRef = 1D23B95F2098945D00121E8F /* TranslationList.swift */; };
		1D23B9642098E50700121E8F /* UIColorExtensions.swift in Sources */ = {isa = PBXBuildFile; fileRef = 1D23B9632098E50700121E8F /* UIColorExtensions.swift */; };
		1D23B9672098F58800121E8F /* Helpers.swift in Sources */ = {isa = PBXBuildFile; fileRef = 1D23B9662098F58800121E8F /* Helpers.swift */; };
		1D23B96C2098FEDD00121E8F /* Localizable.strings in Resources */ = {isa = PBXBuildFile; fileRef = 1D23B96E2098FEDD00121E8F /* Localizable.strings */; };
		1D23B97220990AA000121E8F /* InfoPlist.strings in Resources */ = {isa = PBXBuildFile; fileRef = 1D23B97420990AA000121E8F /* InfoPlist.strings */; };
		1D2D630721BA6FC700F4FABD /* TabBarController.swift in Sources */ = {isa = PBXBuildFile; fileRef = 1D2D630621BA6FC700F4FABD /* TabBarController.swift */; };
		1D32525220D57C670061517C /* LanguagePreferences.swift in Sources */ = {isa = PBXBuildFile; fileRef = 1D32525120D57C670061517C /* LanguagePreferences.swift */; };
		1D412B9C20D66D9F006CD60A /* FocusSquareSegment.swift in Sources */ = {isa = PBXBuildFile; fileRef = 1D412B9720D66D9E006CD60A /* FocusSquareSegment.swift */; };
		1D412B9D20D66D9F006CD60A /* FocusSquare.swift in Sources */ = {isa = PBXBuildFile; fileRef = 1D412B9820D66D9F006CD60A /* FocusSquare.swift */; };
		1D412B9E20D66D9F006CD60A /* FocusSquare+Extensions.swift in Sources */ = {isa = PBXBuildFile; fileRef = 1D412B9920D66D9F006CD60A /* FocusSquare+Extensions.swift */; };
		1D412B9F20D66D9F006CD60A /* Utilities.swift in Sources */ = {isa = PBXBuildFile; fileRef = 1D412B9B20D66D9F006CD60A /* Utilities.swift */; };
		1D4412FF20BB215400E608B8 /* DictionaryController+Camera.swift in Sources */ = {isa = PBXBuildFile; fileRef = 1D4412FE20BB215400E608B8 /* DictionaryController+Camera.swift */; };
		1D441E2C20726EFE005E2ADD /* AppDelegate.swift in Sources */ = {isa = PBXBuildFile; fileRef = 1D441E2B20726EFE005E2ADD /* AppDelegate.swift */; };
		1D441E3320726F00005E2ADD /* Assets.xcassets in Resources */ = {isa = PBXBuildFile; fileRef = 1D441E3220726F00005E2ADD /* Assets.xcassets */; };
		1D441E7B20726F22005E2ADD /* button-click-garageband.wav in Resources */ = {isa = PBXBuildFile; fileRef = 1D441E3E20726F1B005E2ADD /* button-click-garageband.wav */; };
		1D441E7E20726F22005E2ADD /* en-US.json in Resources */ = {isa = PBXBuildFile; fileRef = 1D441E4120726F1B005E2ADD /* en-US.json */; };
		1D441E7F20726F22005E2ADD /* es.json in Resources */ = {isa = PBXBuildFile; fileRef = 1D441E4220726F1B005E2ADD /* es.json */; };
		1D441E8820726F22005E2ADD /* id.json in Resources */ = {isa = PBXBuildFile; fileRef = 1D441E4D20726F1B005E2ADD /* id.json */; };
		1D441E8920726F22005E2ADD /* ms.json in Resources */ = {isa = PBXBuildFile; fileRef = 1D441E4E20726F1B005E2ADD /* ms.json */; };
		1D441E8B20726F22005E2ADD /* pop_drip-reverse.wav in Resources */ = {isa = PBXBuildFile; fileRef = 1D441E5020726F1B005E2ADD /* pop_drip-reverse.wav */; };
		1D441E8C20726F22005E2ADD /* pop_drip.wav in Resources */ = {isa = PBXBuildFile; fileRef = 1D441E5120726F1B005E2ADD /* pop_drip.wav */; };
		1D441E8D20726F22005E2ADD /* pt.json in Resources */ = {isa = PBXBuildFile; fileRef = 1D441E5220726F1B005E2ADD /* pt.json */; };
		1D441E8E20726F22005E2ADD /* ro.json in Resources */ = {isa = PBXBuildFile; fileRef = 1D441E5320726F1B005E2ADD /* ro.json */; };
		1D441E9020726F22005E2ADD /* sound.png in Resources */ = {isa = PBXBuildFile; fileRef = 1D441E5520726F1B005E2ADD /* sound.png */; };
		1D441E9220726F22005E2ADD /* DictionaryController+Actions.swift in Sources */ = {isa = PBXBuildFile; fileRef = 1D441E5A20726F22005E2ADD /* DictionaryController+Actions.swift */; };
		1D441E9320726F22005E2ADD /* DictionaryController+ARKit.swift in Sources */ = {isa = PBXBuildFile; fileRef = 1D441E5B20726F22005E2ADD /* DictionaryController+ARKit.swift */; };
		1D441E9420726F22005E2ADD /* DictionaryController+CoreML.swift in Sources */ = {isa = PBXBuildFile; fileRef = 1D441E5C20726F22005E2ADD /* DictionaryController+CoreML.swift */; };
		1D441E9720726F22005E2ADD /* DictionaryController+Views.swift in Sources */ = {isa = PBXBuildFile; fileRef = 1D441E5F20726F22005E2ADD /* DictionaryController+Views.swift */; };
		1D441E9820726F22005E2ADD /* DictionaryController.swift in Sources */ = {isa = PBXBuildFile; fileRef = 1D441E6020726F22005E2ADD /* DictionaryController.swift */; };
		1D441E9A20726F22005E2ADD /* ArrayExtensions.swift in Sources */ = {isa = PBXBuildFile; fileRef = 1D441E6320726F22005E2ADD /* ArrayExtensions.swift */; };
		1D441E9B20726F22005E2ADD /* SKSceneExtensions.swift in Sources */ = {isa = PBXBuildFile; fileRef = 1D441E6420726F22005E2ADD /* SKSceneExtensions.swift */; };
		1D441E9D20726F22005E2ADD /* TextToSpeech.swift in Sources */ = {isa = PBXBuildFile; fileRef = 1D441E6620726F22005E2ADD /* TextToSpeech.swift */; };
		1D441E9E20726F22005E2ADD /* UIViewExtensions.swift in Sources */ = {isa = PBXBuildFile; fileRef = 1D441E6720726F22005E2ADD /* UIViewExtensions.swift */; };
		1D441EA320726F22005E2ADD /* Language.swift in Sources */ = {isa = PBXBuildFile; fileRef = 1D441E6E20726F22005E2ADD /* Language.swift */; };
		1D441EA720726F22005E2ADD /* HistoryController.swift in Sources */ = {isa = PBXBuildFile; fileRef = 1D441E7320726F22005E2ADD /* HistoryController.swift */; };
		1D441EA820726F22005E2ADD /* HistoryCell.swift in Sources */ = {isa = PBXBuildFile; fileRef = 1D441E7420726F22005E2ADD /* HistoryCell.swift */; };
		1D4F76B520A820EE00B684A6 /* SoundNames.swift in Sources */ = {isa = PBXBuildFile; fileRef = 1D4F76B420A820EE00B684A6 /* SoundNames.swift */; };
		1D56275D21BFD6C000979C1A /* Flags.framework in Frameworks */ = {isa = PBXBuildFile; fileRef = 1D56275C21BFD6BF00979C1A /* Flags.framework */; };
		1D56276121C0561B00979C1A /* Launch Screen.storyboard in Resources */ = {isa = PBXBuildFile; fileRef = 1D56276021C0561B00979C1A /* Launch Screen.storyboard */; };
		1D5E401420CE3A33001E801D /* LanguageTableViewController+Search.swift in Sources */ = {isa = PBXBuildFile; fileRef = 1D5E401320CE3A33001E801D /* LanguageTableViewController+Search.swift */; };
		1D7451BA20C4306C0089D961 /* Inceptionv3.mlmodel in Sources */ = {isa = PBXBuildFile; fileRef = 1D7451B920C4306B0089D961 /* Inceptionv3.mlmodel */; };
		1D94B77120CB2B210000B065 /* LanguagesTableViewController.swift in Sources */ = {isa = PBXBuildFile; fileRef = 1D94B77020CB2B210000B065 /* LanguagesTableViewController.swift */; };
		1DEC7D1221C574A500BBEDD3 /* NeverClearView.swift in Sources */ = {isa = PBXBuildFile; fileRef = 1DEC7D1121C574A500BBEDD3 /* NeverClearView.swift */; };
		1DEC7D1421C5771900BBEDD3 /* DidUpdateLanguage.swift in Sources */ = {isa = PBXBuildFile; fileRef = 1DEC7D1321C5771900BBEDD3 /* DidUpdateLanguage.swift */; };
		1DEC7D1621C5AE1600BBEDD3 /* WelcomeController+Camera.swift in Sources */ = {isa = PBXBuildFile; fileRef = 1DEC7D1521C5AE1600BBEDD3 /* WelcomeController+Camera.swift */; };
		1DEC7D1821C6565D00BBEDD3 /* ARView.swift in Sources */ = {isa = PBXBuildFile; fileRef = 1DEC7D1721C6565D00BBEDD3 /* ARView.swift */; };
		1DEC7D1E21C6776400BBEDD3 /* VRController.swift in Sources */ = {isa = PBXBuildFile; fileRef = 1DEC7D1D21C6776400BBEDD3 /* VRController.swift */; };
		1DEE6F2F21BB1363006D3830 /* SettingsController.swift in Sources */ = {isa = PBXBuildFile; fileRef = 1DEE6F2E21BB1363006D3830 /* SettingsController.swift */; };
		1DEE705D21BEB21B006D3830 /* FunctionalTableData.framework in Frameworks */ = {isa = PBXBuildFile; fileRef = 1DEE705C21BEB21B006D3830 /* FunctionalTableData.framework */; };
		1DEE705E21BEB21B006D3830 /* FunctionalTableData.framework in Embed Frameworks */ = {isa = PBXBuildFile; fileRef = 1DEE705C21BEB21B006D3830 /* FunctionalTableData.framework */; settings = {ATTRIBUTES = (CodeSignOnCopy, RemoveHeadersOnCopy, ); }; };
		1DF2BCF021C1A7DC00D5E29B /* LanguagesTableView+TableView.swift in Sources */ = {isa = PBXBuildFile; fileRef = 1DF2BCEF21C1A7DC00D5E29B /* LanguagesTableView+TableView.swift */; };
		1DF2BCF221C1AA1C00D5E29B /* SettingsCell.swift in Sources */ = {isa = PBXBuildFile; fileRef = 1DF2BCF121C1AA1C00D5E29B /* SettingsCell.swift */; };
		1DF2BCFB21C2A93600D5E29B /* TBEmptyDataSet.framework in Frameworks */ = {isa = PBXBuildFile; fileRef = 1DF2BCFA21C2A93500D5E29B /* TBEmptyDataSet.framework */; };
		1DF2BCFD21C2BC5300D5E29B /* Colors.xcassets in Resources */ = {isa = PBXBuildFile; fileRef = 1DF2BCFC21C2BC5300D5E29B /* Colors.xcassets */; };
		1DF2BCFF21C2CF1D00D5E29B /* AddButtonView.swift in Sources */ = {isa = PBXBuildFile; fileRef = 1DF2BCFE21C2CF1D00D5E29B /* AddButtonView.swift */; };
		1DF2BD0421C38C3D00D5E29B /* NSMutableStringExtensions.swift in Sources */ = {isa = PBXBuildFile; fileRef = 1DF2BD0321C38C3D00D5E29B /* NSMutableStringExtensions.swift */; };
		1DF2BD0721C38C7B00D5E29B /* WelcomeController.swift in Sources */ = {isa = PBXBuildFile; fileRef = 1DF2BD0621C38C7B00D5E29B /* WelcomeController.swift */; };
		1DF2BD0921C4500B00D5E29B /* CustomButton.swift in Sources */ = {isa = PBXBuildFile; fileRef = 1DF2BD0821C4500B00D5E29B /* CustomButton.swift */; };
/* End PBXBuildFile section */

/* Begin PBXCopyFilesBuildPhase section */
		1DEE705F21BEB21B006D3830 /* Embed Frameworks */ = {
			isa = PBXCopyFilesBuildPhase;
			buildActionMask = 2147483647;
			dstPath = "";
			dstSubfolderSpec = 10;
			files = (
				1DEE705E21BEB21B006D3830 /* FunctionalTableData.framework in Embed Frameworks */,
			);
			name = "Embed Frameworks";
			runOnlyForDeploymentPostprocessing = 0;
		};
/* End PBXCopyFilesBuildPhase section */

/* Begin PBXFileReference section */
		1D104C8621BF09DF000396C5 /* ApplicationTab.swift */ = {isa = PBXFileReference; lastKnownFileType = sourcecode.swift; path = ApplicationTab.swift; sourceTree = "<group>"; };
		1D104C8821BF0ADA000396C5 /* String+Localization.swift */ = {isa = PBXFileReference; lastKnownFileType = sourcecode.swift; path = "String+Localization.swift"; sourceTree = "<group>"; };
		1D104C8C21BF91A5000396C5 /* TranslationItems.swift */ = {isa = PBXFileReference; lastKnownFileType = sourcecode.swift; path = TranslationItems.swift; sourceTree = "<group>"; };
		1D23B94C2097AB7C00121E8F /* GoogleTranslateAPI.swift */ = {isa = PBXFileReference; lastKnownFileType = sourcecode.swift; path = GoogleTranslateAPI.swift; sourceTree = "<group>"; };
		1D23B94F2097AC3E00121E8F /* Keys.swift */ = {isa = PBXFileReference; lastKnownFileType = sourcecode.swift; path = Keys.swift; sourceTree = "<group>"; };
		1D23B9522097C59D00121E8F /* LanguageData.swift */ = {isa = PBXFileReference; lastKnownFileType = sourcecode.swift; path = LanguageData.swift; sourceTree = "<group>"; };
		1D23B9542097C5AF00121E8F /* LanguagesList.swift */ = {isa = PBXFileReference; lastKnownFileType = sourcecode.swift; path = LanguagesList.swift; sourceTree = "<group>"; };
		1D23B95820986BB700121E8F /* Translation.swift */ = {isa = PBXFileReference; lastKnownFileType = sourcecode.swift; path = Translation.swift; sourceTree = "<group>"; };
		1D23B95A20986D1100121E8F /* DictionaryController+API.swift */ = {isa = PBXFileReference; lastKnownFileType = sourcecode.swift; path = "DictionaryController+API.swift"; sourceTree = "<group>"; };
		1D23B95C2098944C00121E8F /* TranslationData.swift */ = {isa = PBXFileReference; lastKnownFileType = sourcecode.swift; path = TranslationData.swift; sourceTree = "<group>"; };
		1D23B95F2098945D00121E8F /* TranslationList.swift */ = {isa = PBXFileReference; lastKnownFileType = sourcecode.swift; path = TranslationList.swift; sourceTree = "<group>"; };
		1D23B9632098E50700121E8F /* UIColorExtensions.swift */ = {isa = PBXFileReference; lastKnownFileType = sourcecode.swift; path = UIColorExtensions.swift; sourceTree = "<group>"; };
		1D23B9662098F58800121E8F /* Helpers.swift */ = {isa = PBXFileReference; lastKnownFileType = sourcecode.swift; path = Helpers.swift; sourceTree = "<group>"; };
		1D23B96D2098FEDD00121E8F /* en */ = {isa = PBXFileReference; lastKnownFileType = text.plist.strings; name = en; path = en.lproj/Localizable.strings; sourceTree = "<group>"; };
		1D23B96F2098FEDF00121E8F /* it */ = {isa = PBXFileReference; lastKnownFileType = text.plist.strings; name = it; path = it.lproj/Localizable.strings; sourceTree = "<group>"; };
		1D23B97320990AA000121E8F /* en */ = {isa = PBXFileReference; lastKnownFileType = text.plist.strings; name = en; path = en.lproj/InfoPlist.strings; sourceTree = "<group>"; };
		1D23B97520990AA200121E8F /* it */ = {isa = PBXFileReference; lastKnownFileType = text.plist.strings; name = it; path = it.lproj/InfoPlist.strings; sourceTree = "<group>"; };
		1D2D630621BA6FC700F4FABD /* TabBarController.swift */ = {isa = PBXFileReference; lastKnownFileType = sourcecode.swift; name = TabBarController.swift; path = LanguageTranslationAR/Controllers/TabBarController.swift; sourceTree = SOURCE_ROOT; };
		1D32525120D57C670061517C /* LanguagePreferences.swift */ = {isa = PBXFileReference; lastKnownFileType = sourcecode.swift; path = LanguagePreferences.swift; sourceTree = "<group>"; };
		1D412B9720D66D9E006CD60A /* FocusSquareSegment.swift */ = {isa = PBXFileReference; fileEncoding = 4; lastKnownFileType = sourcecode.swift; path = FocusSquareSegment.swift; sourceTree = "<group>"; };
		1D412B9820D66D9F006CD60A /* FocusSquare.swift */ = {isa = PBXFileReference; fileEncoding = 4; lastKnownFileType = sourcecode.swift; path = FocusSquare.swift; sourceTree = "<group>"; };
		1D412B9920D66D9F006CD60A /* FocusSquare+Extensions.swift */ = {isa = PBXFileReference; fileEncoding = 4; lastKnownFileType = sourcecode.swift; path = "FocusSquare+Extensions.swift"; sourceTree = "<group>"; };
		1D412B9B20D66D9F006CD60A /* Utilities.swift */ = {isa = PBXFileReference; fileEncoding = 4; lastKnownFileType = sourcecode.swift; path = Utilities.swift; sourceTree = "<group>"; };
		1D4412FE20BB215400E608B8 /* DictionaryController+Camera.swift */ = {isa = PBXFileReference; lastKnownFileType = sourcecode.swift; path = "DictionaryController+Camera.swift"; sourceTree = "<group>"; };
		1D441E2820726EFE005E2ADD /* LanguageTranslationAR.app */ = {isa = PBXFileReference; explicitFileType = wrapper.application; includeInIndex = 0; path = LanguageTranslationAR.app; sourceTree = BUILT_PRODUCTS_DIR; };
		1D441E2B20726EFE005E2ADD /* AppDelegate.swift */ = {isa = PBXFileReference; lastKnownFileType = sourcecode.swift; path = AppDelegate.swift; sourceTree = "<group>"; };
		1D441E3220726F00005E2ADD /* Assets.xcassets */ = {isa = PBXFileReference; lastKnownFileType = folder.assetcatalog; path = Assets.xcassets; sourceTree = "<group>"; };
		1D441E3720726F01005E2ADD /* Info.plist */ = {isa = PBXFileReference; lastKnownFileType = text.plist.xml; path = Info.plist; sourceTree = "<group>"; };
		1D441E3E20726F1B005E2ADD /* button-click-garageband.wav */ = {isa = PBXFileReference; lastKnownFileType = audio.wav; path = "button-click-garageband.wav"; sourceTree = "<group>"; };
		1D441E4120726F1B005E2ADD /* en-US.json */ = {isa = PBXFileReference; fileEncoding = 4; lastKnownFileType = text.json; path = "en-US.json"; sourceTree = "<group>"; };
		1D441E4220726F1B005E2ADD /* es.json */ = {isa = PBXFileReference; fileEncoding = 4; lastKnownFileType = text.json; path = es.json; sourceTree = "<group>"; };
		1D441E4D20726F1B005E2ADD /* id.json */ = {isa = PBXFileReference; fileEncoding = 4; lastKnownFileType = text.json; path = id.json; sourceTree = "<group>"; };
		1D441E4E20726F1B005E2ADD /* ms.json */ = {isa = PBXFileReference; fileEncoding = 4; lastKnownFileType = text.json; path = ms.json; sourceTree = "<group>"; };
		1D441E5020726F1B005E2ADD /* pop_drip-reverse.wav */ = {isa = PBXFileReference; lastKnownFileType = audio.wav; path = "pop_drip-reverse.wav"; sourceTree = "<group>"; };
		1D441E5120726F1B005E2ADD /* pop_drip.wav */ = {isa = PBXFileReference; lastKnownFileType = audio.wav; path = pop_drip.wav; sourceTree = "<group>"; };
		1D441E5220726F1B005E2ADD /* pt.json */ = {isa = PBXFileReference; fileEncoding = 4; lastKnownFileType = text.json; path = pt.json; sourceTree = "<group>"; };
		1D441E5320726F1B005E2ADD /* ro.json */ = {isa = PBXFileReference; fileEncoding = 4; lastKnownFileType = text.json; path = ro.json; sourceTree = "<group>"; };
		1D441E5520726F1B005E2ADD /* sound.png */ = {isa = PBXFileReference; lastKnownFileType = image.png; path = sound.png; sourceTree = "<group>"; };
		1D441E5A20726F22005E2ADD /* DictionaryController+Actions.swift */ = {isa = PBXFileReference; fileEncoding = 4; lastKnownFileType = sourcecode.swift; path = "DictionaryController+Actions.swift"; sourceTree = "<group>"; };
		1D441E5B20726F22005E2ADD /* DictionaryController+ARKit.swift */ = {isa = PBXFileReference; fileEncoding = 4; lastKnownFileType = sourcecode.swift; path = "DictionaryController+ARKit.swift"; sourceTree = "<group>"; };
		1D441E5C20726F22005E2ADD /* DictionaryController+CoreML.swift */ = {isa = PBXFileReference; fileEncoding = 4; lastKnownFileType = sourcecode.swift; path = "DictionaryController+CoreML.swift"; sourceTree = "<group>"; };
		1D441E5F20726F22005E2ADD /* DictionaryController+Views.swift */ = {isa = PBXFileReference; fileEncoding = 4; lastKnownFileType = sourcecode.swift; path = "DictionaryController+Views.swift"; sourceTree = "<group>"; };
		1D441E6020726F22005E2ADD /* DictionaryController.swift */ = {isa = PBXFileReference; fileEncoding = 4; lastKnownFileType = sourcecode.swift; path = DictionaryController.swift; sourceTree = "<group>"; };
		1D441E6320726F22005E2ADD /* ArrayExtensions.swift */ = {isa = PBXFileReference; fileEncoding = 4; lastKnownFileType = sourcecode.swift; path = ArrayExtensions.swift; sourceTree = "<group>"; };
		1D441E6420726F22005E2ADD /* SKSceneExtensions.swift */ = {isa = PBXFileReference; fileEncoding = 4; lastKnownFileType = sourcecode.swift; path = SKSceneExtensions.swift; sourceTree = "<group>"; };
		1D441E6620726F22005E2ADD /* TextToSpeech.swift */ = {isa = PBXFileReference; fileEncoding = 4; lastKnownFileType = sourcecode.swift; path = TextToSpeech.swift; sourceTree = "<group>"; };
		1D441E6720726F22005E2ADD /* UIViewExtensions.swift */ = {isa = PBXFileReference; fileEncoding = 4; lastKnownFileType = sourcecode.swift; path = UIViewExtensions.swift; sourceTree = "<group>"; };
		1D441E6E20726F22005E2ADD /* Language.swift */ = {isa = PBXFileReference; fileEncoding = 4; lastKnownFileType = sourcecode.swift; path = Language.swift; sourceTree = "<group>"; };
		1D441E7320726F22005E2ADD /* HistoryController.swift */ = {isa = PBXFileReference; fileEncoding = 4; lastKnownFileType = sourcecode.swift; path = HistoryController.swift; sourceTree = "<group>"; };
		1D441E7420726F22005E2ADD /* HistoryCell.swift */ = {isa = PBXFileReference; fileEncoding = 4; lastKnownFileType = sourcecode.swift; path = HistoryCell.swift; sourceTree = "<group>"; };
		1D4F76B420A820EE00B684A6 /* SoundNames.swift */ = {isa = PBXFileReference; lastKnownFileType = sourcecode.swift; path = SoundNames.swift; sourceTree = "<group>"; };
		1D56275C21BFD6BF00979C1A /* Flags.framework */ = {isa = PBXFileReference; lastKnownFileType = wrapper.framework; name = Flags.framework; path = Carthage/Build/iOS/Flags.framework; sourceTree = "<group>"; };
		1D56276021C0561B00979C1A /* Launch Screen.storyboard */ = {isa = PBXFileReference; lastKnownFileType = file.storyboard; path = "Launch Screen.storyboard"; sourceTree = "<group>"; };
		1D5E401320CE3A33001E801D /* LanguageTableViewController+Search.swift */ = {isa = PBXFileReference; lastKnownFileType = sourcecode.swift; path = "LanguageTableViewController+Search.swift"; sourceTree = "<group>"; };
		1D7451B920C4306B0089D961 /* Inceptionv3.mlmodel */ = {isa = PBXFileReference; lastKnownFileType = file.mlmodel; path = Inceptionv3.mlmodel; sourceTree = "<group>"; };
		1D94B77020CB2B210000B065 /* LanguagesTableViewController.swift */ = {isa = PBXFileReference; lastKnownFileType = sourcecode.swift; path = LanguagesTableViewController.swift; sourceTree = "<group>"; };
		1DEC7D1121C574A500BBEDD3 /* NeverClearView.swift */ = {isa = PBXFileReference; lastKnownFileType = sourcecode.swift; path = NeverClearView.swift; sourceTree = "<group>"; };
		1DEC7D1321C5771900BBEDD3 /* DidUpdateLanguage.swift */ = {isa = PBXFileReference; lastKnownFileType = sourcecode.swift; path = DidUpdateLanguage.swift; sourceTree = "<group>"; };
		1DEC7D1521C5AE1600BBEDD3 /* WelcomeController+Camera.swift */ = {isa = PBXFileReference; lastKnownFileType = sourcecode.swift; path = "WelcomeController+Camera.swift"; sourceTree = "<group>"; };
		1DEC7D1721C6565D00BBEDD3 /* ARView.swift */ = {isa = PBXFileReference; lastKnownFileType = sourcecode.swift; path = ARView.swift; sourceTree = "<group>"; };
		1DEC7D1D21C6776400BBEDD3 /* VRController.swift */ = {isa = PBXFileReference; lastKnownFileType = sourcecode.swift; path = VRController.swift; sourceTree = "<group>"; };
		1DEE6F2E21BB1363006D3830 /* SettingsController.swift */ = {isa = PBXFileReference; lastKnownFileType = sourcecode.swift; path = SettingsController.swift; sourceTree = "<group>"; };
		1DEE705C21BEB21B006D3830 /* FunctionalTableData.framework */ = {isa = PBXFileReference; lastKnownFileType = wrapper.framework; name = FunctionalTableData.framework; path = Carthage/Build/iOS/FunctionalTableData.framework; sourceTree = "<group>"; };
		1DF2BCEF21C1A7DC00D5E29B /* LanguagesTableView+TableView.swift */ = {isa = PBXFileReference; lastKnownFileType = sourcecode.swift; path = "LanguagesTableView+TableView.swift"; sourceTree = "<group>"; };
		1DF2BCF121C1AA1C00D5E29B /* SettingsCell.swift */ = {isa = PBXFileReference; lastKnownFileType = sourcecode.swift; path = SettingsCell.swift; sourceTree = "<group>"; };
		1DF2BCFA21C2A93500D5E29B /* TBEmptyDataSet.framework */ = {isa = PBXFileReference; lastKnownFileType = wrapper.framework; name = TBEmptyDataSet.framework; path = Carthage/Build/iOS/TBEmptyDataSet.framework; sourceTree = "<group>"; };
		1DF2BCFC21C2BC5300D5E29B /* Colors.xcassets */ = {isa = PBXFileReference; lastKnownFileType = folder.assetcatalog; path = Colors.xcassets; sourceTree = "<group>"; };
		1DF2BCFE21C2CF1D00D5E29B /* AddButtonView.swift */ = {isa = PBXFileReference; lastKnownFileType = sourcecode.swift; path = AddButtonView.swift; sourceTree = "<group>"; };
		1DF2BD0321C38C3D00D5E29B /* NSMutableStringExtensions.swift */ = {isa = PBXFileReference; lastKnownFileType = sourcecode.swift; path = NSMutableStringExtensions.swift; sourceTree = "<group>"; };
		1DF2BD0621C38C7B00D5E29B /* WelcomeController.swift */ = {isa = PBXFileReference; lastKnownFileType = sourcecode.swift; path = WelcomeController.swift; sourceTree = "<group>"; };
		1DF2BD0821C4500B00D5E29B /* CustomButton.swift */ = {isa = PBXFileReference; lastKnownFileType = sourcecode.swift; path = CustomButton.swift; sourceTree = "<group>"; };
/* End PBXFileReference section */

/* Begin PBXFrameworksBuildPhase section */
		1D441E2520726EFE005E2ADD /* Frameworks */ = {
			isa = PBXFrameworksBuildPhase;
			buildActionMask = 2147483647;
			files = (
				1DF2BCFB21C2A93600D5E29B /* TBEmptyDataSet.framework in Frameworks */,
				1D56275D21BFD6C000979C1A /* Flags.framework in Frameworks */,
				1DEE705D21BEB21B006D3830 /* FunctionalTableData.framework in Frameworks */,
			);
			runOnlyForDeploymentPostprocessing = 0;
		};
/* End PBXFrameworksBuildPhase section */

/* Begin PBXGroup section */
		1D23B94E2097AB8000121E8F /* API */ = {
			isa = PBXGroup;
			children = (
				1D23B94C2097AB7C00121E8F /* GoogleTranslateAPI.swift */,
				1D23B94F2097AC3E00121E8F /* Keys.swift */,
			);
			path = API;
			sourceTree = "<group>";
		};
		1D23B9512097C58E00121E8F /* Language */ = {
			isa = PBXGroup;
			children = (
				1D441E6E20726F22005E2ADD /* Language.swift */,
				1D23B9542097C5AF00121E8F /* LanguagesList.swift */,
				1D23B9522097C59D00121E8F /* LanguageData.swift */,
			);
			path = Language;
			sourceTree = "<group>";
		};
		1D23B95E2098945100121E8F /* Translation */ = {
			isa = PBXGroup;
			children = (
				1D23B95820986BB700121E8F /* Translation.swift */,
				1D23B95C2098944C00121E8F /* TranslationData.swift */,
				1D23B95F2098945D00121E8F /* TranslationList.swift */,
				1D104C8C21BF91A5000396C5 /* TranslationItems.swift */,
			);
			path = Translation;
			sourceTree = "<group>";
		};
		1D23B9682098F58D00121E8F /* SupportFiles */ = {
			isa = PBXGroup;
			children = (
				1D4F76B820A8372800B684A6 /* Enum */,
				1D441E5820726F22005E2ADD /* Dictionaries */,
				1D441E6220726F22005E2ADD /* Extensions */,
				1D23B9662098F58800121E8F /* Helpers.swift */,
			);
			name = SupportFiles;
			path = Sources/SupportFiles;
			sourceTree = "<group>";
		};
		1D2D630321BA6A9500F4FABD /* Controllers */ = {
			isa = PBXGroup;
			children = (
				1DF2BD0521C38C5700D5E29B /* Welcome */,
				1D441EAF20727BD9005E2ADD /* TabBar */,
				1D441E5920726F22005E2ADD /* Translate */,
				1D441E7020726F22005E2ADD /* History */,
				1DEE6F3021BB14FA006D3830 /* Settings */,
				1D94B76D20CB29FF0000B065 /* Languages */,
			);
			path = Controllers;
			sourceTree = "<group>";
		};
		1D412B9620D66D8F006CD60A /* Focus Square */ = {
			isa = PBXGroup;
			children = (
				1D412B9820D66D9F006CD60A /* FocusSquare.swift */,
				1D412B9920D66D9F006CD60A /* FocusSquare+Extensions.swift */,
				1D412B9720D66D9E006CD60A /* FocusSquareSegment.swift */,
				1D412B9A20D66D9F006CD60A /* Utilities */,
			);
			path = "Focus Square";
			sourceTree = "<group>";
		};
		1D412B9A20D66D9F006CD60A /* Utilities */ = {
			isa = PBXGroup;
			children = (
				1D412B9B20D66D9F006CD60A /* Utilities.swift */,
			);
			path = Utilities;
			sourceTree = "<group>";
		};
		1D441E1F20726EFE005E2ADD = {
			isa = PBXGroup;
			children = (
				1DF2BCFA21C2A93500D5E29B /* TBEmptyDataSet.framework */,
				1DEE705C21BEB21B006D3830 /* FunctionalTableData.framework */,
				1D56275C21BFD6BF00979C1A /* Flags.framework */,
				1D441E2A20726EFE005E2ADD /* LanguageTranslationAR */,
				1D441E2920726EFE005E2ADD /* Products */,
			);
			sourceTree = "<group>";
		};
		1D441E2920726EFE005E2ADD /* Products */ = {
			isa = PBXGroup;
			children = (
				1D441E2820726EFE005E2ADD /* LanguageTranslationAR.app */,
			);
			name = Products;
			sourceTree = "<group>";
		};
		1D441E2A20726EFE005E2ADD /* LanguageTranslationAR */ = {
			isa = PBXGroup;
			children = (
				1D441E2B20726EFE005E2ADD /* AppDelegate.swift */,
				1D441E3720726F01005E2ADD /* Info.plist */,
				1D441E6C20726F22005E2ADD /* Models */,
				1D2D630321BA6A9500F4FABD /* Controllers */,
				1D23B9682098F58D00121E8F /* SupportFiles */,
				1D56276021C0561B00979C1A /* Launch Screen.storyboard */,
				1D441E3D20726F1B005E2ADD /* PrivateResources */,
				1D23B96E2098FEDD00121E8F /* Localizable.strings */,
				1D23B97420990AA000121E8F /* InfoPlist.strings */,
				1D441E3220726F00005E2ADD /* Assets.xcassets */,
				1DF2BCFC21C2BC5300D5E29B /* Colors.xcassets */,
			);
			path = LanguageTranslationAR;
			sourceTree = "<group>";
		};
		1D441E3D20726F1B005E2ADD /* PrivateResources */ = {
			isa = PBXGroup;
			children = (
				1D441E3E20726F1B005E2ADD /* button-click-garageband.wav */,
				1D7451B920C4306B0089D961 /* Inceptionv3.mlmodel */,
				1D441E5020726F1B005E2ADD /* pop_drip-reverse.wav */,
				1D441E5120726F1B005E2ADD /* pop_drip.wav */,
				1D441E5520726F1B005E2ADD /* sound.png */,
			);
			path = PrivateResources;
			sourceTree = "<group>";
		};
		1D441E5820726F22005E2ADD /* Dictionaries */ = {
			isa = PBXGroup;
			children = (
				1D441E5220726F1B005E2ADD /* pt.json */,
				1D441E5320726F1B005E2ADD /* ro.json */,
				1D441E4D20726F1B005E2ADD /* id.json */,
				1D441E4E20726F1B005E2ADD /* ms.json */,
				1D441E4120726F1B005E2ADD /* en-US.json */,
				1D441E4220726F1B005E2ADD /* es.json */,
			);
			path = Dictionaries;
			sourceTree = "<group>";
		};
		1D441E5920726F22005E2ADD /* Translate */ = {
			isa = PBXGroup;
			children = (
				1D441E6020726F22005E2ADD /* DictionaryController.swift */,
				1D441E5F20726F22005E2ADD /* DictionaryController+Views.swift */,
				1D4412FE20BB215400E608B8 /* DictionaryController+Camera.swift */,
				1D23B95A20986D1100121E8F /* DictionaryController+API.swift */,
				1D441E5A20726F22005E2ADD /* DictionaryController+Actions.swift */,
				1D441E5B20726F22005E2ADD /* DictionaryController+ARKit.swift */,
				1D441E5C20726F22005E2ADD /* DictionaryController+CoreML.swift */,
				1DEC7D1D21C6776400BBEDD3 /* VRController.swift */,
				1DEC7D1721C6565D00BBEDD3 /* ARView.swift */,
				1D412B9620D66D8F006CD60A /* Focus Square */,
				1DF2BCFE21C2CF1D00D5E29B /* AddButtonView.swift */,
			);
			path = Translate;
			sourceTree = "<group>";
		};
		1D441E6220726F22005E2ADD /* Extensions */ = {
			isa = PBXGroup;
			children = (
				1D23B9632098E50700121E8F /* UIColorExtensions.swift */,
				1D441E6320726F22005E2ADD /* ArrayExtensions.swift */,
				1D441E6420726F22005E2ADD /* SKSceneExtensions.swift */,
				1D441E6620726F22005E2ADD /* TextToSpeech.swift */,
				1D441E6720726F22005E2ADD /* UIViewExtensions.swift */,
				1D104C8821BF0ADA000396C5 /* String+Localization.swift */,
				1DF2BD0321C38C3D00D5E29B /* NSMutableStringExtensions.swift */,
			);
			path = Extensions;
			sourceTree = "<group>";
		};
		1D441E6C20726F22005E2ADD /* Models */ = {
			isa = PBXGroup;
			children = (
				1D23B95E2098945100121E8F /* Translation */,
				1D23B9512097C58E00121E8F /* Language */,
			);
			name = Models;
			path = Sources/Models;
			sourceTree = "<group>";
		};
		1D441E7020726F22005E2ADD /* History */ = {
			isa = PBXGroup;
			children = (
				1D441E7320726F22005E2ADD /* HistoryController.swift */,
				1D441E7420726F22005E2ADD /* HistoryCell.swift */,
			);
			path = History;
			sourceTree = "<group>";
		};
		1D441EAF20727BD9005E2ADD /* TabBar */ = {
			isa = PBXGroup;
			children = (
				1D104C8621BF09DF000396C5 /* ApplicationTab.swift */,
				1D2D630621BA6FC700F4FABD /* TabBarController.swift */,
			);
			path = TabBar;
			sourceTree = "<group>";
		};
		1D4F76B820A8372800B684A6 /* Enum */ = {
			isa = PBXGroup;
			children = (
				1D23B94E2097AB8000121E8F /* API */,
				1D4F76B420A820EE00B684A6 /* SoundNames.swift */,
			);
			name = Enum;
			path = ..;
			sourceTree = "<group>";
		};
		1D94B76D20CB29FF0000B065 /* Languages */ = {
			isa = PBXGroup;
			children = (
				1D94B77020CB2B210000B065 /* LanguagesTableViewController.swift */,
				1DF2BCEF21C1A7DC00D5E29B /* LanguagesTableView+TableView.swift */,
				1D32525120D57C670061517C /* LanguagePreferences.swift */,
				1D5E401320CE3A33001E801D /* LanguageTableViewController+Search.swift */,
			);
			path = Languages;
			sourceTree = "<group>";
		};
		1DEE6F3021BB14FA006D3830 /* Settings */ = {
			isa = PBXGroup;
			children = (
				1DEE6F2E21BB1363006D3830 /* SettingsController.swift */,
				1DF2BCF121C1AA1C00D5E29B /* SettingsCell.swift */,
				1DEC7D1121C574A500BBEDD3 /* NeverClearView.swift */,
				1DEC7D1321C5771900BBEDD3 /* DidUpdateLanguage.swift */,
			);
			path = Settings;
			sourceTree = "<group>";
		};
		1DF2BD0521C38C5700D5E29B /* Welcome */ = {
			isa = PBXGroup;
			children = (
				1DF2BD0621C38C7B00D5E29B /* WelcomeController.swift */,
				1DEC7D1521C5AE1600BBEDD3 /* WelcomeController+Camera.swift */,
				1DF2BD0821C4500B00D5E29B /* CustomButton.swift */,
			);
			path = Welcome;
			sourceTree = "<group>";
		};
/* End PBXGroup section */

/* Begin PBXNativeTarget section */
		1D441E2720726EFE005E2ADD /* LanguageTranslationAR */ = {
			isa = PBXNativeTarget;
			buildConfigurationList = 1D441E3A20726F01005E2ADD /* Build configuration list for PBXNativeTarget "LanguageTranslationAR" */;
			buildPhases = (
				1D441E2420726EFE005E2ADD /* Sources */,
				1D441E2520726EFE005E2ADD /* Frameworks */,
				1D441E2620726EFE005E2ADD /* Resources */,
				1DEE705F21BEB21B006D3830 /* Embed Frameworks */,
				1DEE706021BEB25A006D3830 /* Carthage */,
			);
			buildRules = (
			);
			dependencies = (
			);
			name = LanguageTranslationAR;
			productName = LanguageTranslationAR;
			productReference = 1D441E2820726EFE005E2ADD /* LanguageTranslationAR.app */;
			productType = "com.apple.product-type.application";
		};
/* End PBXNativeTarget section */

/* Begin PBXProject section */
		1D441E2020726EFE005E2ADD /* Project object */ = {
			isa = PBXProject;
			attributes = {
				LastSwiftUpdateCheck = 0930;
				LastUpgradeCheck = 0930;
				ORGANIZATIONNAME = "Cesare de Cal";
				TargetAttributes = {
					1D441E2720726EFE005E2ADD = {
						CreatedOnToolsVersion = 9.3;
						LastSwiftMigration = 1000;
					};
				};
			};
			buildConfigurationList = 1D441E2320726EFE005E2ADD /* Build configuration list for PBXProject "LanguageTranslationAR" */;
			compatibilityVersion = "Xcode 9.3";
			developmentRegion = en;
			hasScannedForEncodings = 0;
			knownRegions = (
				en,
				Base,
				it,
			);
			mainGroup = 1D441E1F20726EFE005E2ADD;
			productRefGroup = 1D441E2920726EFE005E2ADD /* Products */;
			projectDirPath = "";
			projectRoot = "";
			targets = (
				1D441E2720726EFE005E2ADD /* LanguageTranslationAR */,
			);
		};
/* End PBXProject section */

/* Begin PBXResourcesBuildPhase section */
		1D441E2620726EFE005E2ADD /* Resources */ = {
			isa = PBXResourcesBuildPhase;
			buildActionMask = 2147483647;
			files = (
				1DF2BCFD21C2BC5300D5E29B /* Colors.xcassets in Resources */,
				1D441E8B20726F22005E2ADD /* pop_drip-reverse.wav in Resources */,
				1D23B97220990AA000121E8F /* InfoPlist.strings in Resources */,
				1D441E8C20726F22005E2ADD /* pop_drip.wav in Resources */,
				1D441E8920726F22005E2ADD /* ms.json in Resources */,
				1D56276121C0561B00979C1A /* Launch Screen.storyboard in Resources */,
				1D23B96C2098FEDD00121E8F /* Localizable.strings in Resources */,
				1D441E8D20726F22005E2ADD /* pt.json in Resources */,
				1D441E3320726F00005E2ADD /* Assets.xcassets in Resources */,
				1D441E9020726F22005E2ADD /* sound.png in Resources */,
				1D441E7B20726F22005E2ADD /* button-click-garageband.wav in Resources */,
				1D441E7E20726F22005E2ADD /* en-US.json in Resources */,
				1D441E8820726F22005E2ADD /* id.json in Resources */,
				1D441E8E20726F22005E2ADD /* ro.json in Resources */,
				1D441E7F20726F22005E2ADD /* es.json in Resources */,
			);
			runOnlyForDeploymentPostprocessing = 0;
		};
/* End PBXResourcesBuildPhase section */

/* Begin PBXShellScriptBuildPhase section */
		1DEE706021BEB25A006D3830 /* Carthage */ = {
			isa = PBXShellScriptBuildPhase;
			buildActionMask = 2147483647;
			files = (
			);
			inputFileListPaths = (
			);
			inputPaths = (
				"$(SRCROOT)/Carthage/Build/iOS/FunctionalTableData.framework",
				"$(SRCROOT)/Carthage/Build/iOS/Flags.framework",
				"$(SRCROOT)/Carthage/Build/iOS/TBEmptyDataSet.framework",
			);
			name = Carthage;
			outputFileListPaths = (
			);
			outputPaths = (
			);
			runOnlyForDeploymentPostprocessing = 0;
			shellPath = /bin/sh;
			shellScript = "/usr/local/bin/carthage copy-frameworks\n";
		};
/* End PBXShellScriptBuildPhase section */

/* Begin PBXSourcesBuildPhase section */
		1D441E2420726EFE005E2ADD /* Sources */ = {
			isa = PBXSourcesBuildPhase;
			buildActionMask = 2147483647;
			files = (
				1D412B9D20D66D9F006CD60A /* FocusSquare.swift in Sources */,
				1D412B9F20D66D9F006CD60A /* Utilities.swift in Sources */,
				1D2D630721BA6FC700F4FABD /* TabBarController.swift in Sources */,
				1D23B9672098F58800121E8F /* Helpers.swift in Sources */,
				1D441EA820726F22005E2ADD /* HistoryCell.swift in Sources */,
				1DEC7D1821C6565D00BBEDD3 /* ARView.swift in Sources */,
				1D5E401420CE3A33001E801D /* LanguageTableViewController+Search.swift in Sources */,
				1D23B9502097AC3E00121E8F /* Keys.swift in Sources */,
				1DF2BD0421C38C3D00D5E29B /* NSMutableStringExtensions.swift in Sources */,
				1D7451BA20C4306C0089D961 /* Inceptionv3.mlmodel in Sources */,
				1D32525220D57C670061517C /* LanguagePreferences.swift in Sources */,
				1D4412FF20BB215400E608B8 /* DictionaryController+Camera.swift in Sources */,
				1D94B77120CB2B210000B065 /* LanguagesTableViewController.swift in Sources */,
				1DEC7D1621C5AE1600BBEDD3 /* WelcomeController+Camera.swift in Sources */,
				1D441EA320726F22005E2ADD /* Language.swift in Sources */,
				1D23B95B20986D1100121E8F /* DictionaryController+API.swift in Sources */,
				1DF2BCF221C1AA1C00D5E29B /* SettingsCell.swift in Sources */,
				1D441E9D20726F22005E2ADD /* TextToSpeech.swift in Sources */,
				1DEE6F2F21BB1363006D3830 /* SettingsController.swift in Sources */,
				1D23B9532097C59D00121E8F /* LanguageData.swift in Sources */,
				1D412B9C20D66D9F006CD60A /* FocusSquareSegment.swift in Sources */,
				1D4F76B520A820EE00B684A6 /* SoundNames.swift in Sources */,
				1D441E9B20726F22005E2ADD /* SKSceneExtensions.swift in Sources */,
				1D412B9E20D66D9F006CD60A /* FocusSquare+Extensions.swift in Sources */,
				1DEC7D1421C5771900BBEDD3 /* DidUpdateLanguage.swift in Sources */,
				1D23B95920986BB700121E8F /* Translation.swift in Sources */,
				1D23B95D2098944C00121E8F /* TranslationData.swift in Sources */,
				1DEC7D1221C574A500BBEDD3 /* NeverClearView.swift in Sources */,
				1D441E2C20726EFE005E2ADD /* AppDelegate.swift in Sources */,
				1D441E9420726F22005E2ADD /* DictionaryController+CoreML.swift in Sources */,
				1DF2BCF021C1A7DC00D5E29B /* LanguagesTableView+TableView.swift in Sources */,
				1D104C8D21BF91A5000396C5 /* TranslationItems.swift in Sources */,
				1DF2BD0921C4500B00D5E29B /* CustomButton.swift in Sources */,
				1D441E9A20726F22005E2ADD /* ArrayExtensions.swift in Sources */,
				1D23B9602098945D00121E8F /* TranslationList.swift in Sources */,
				1D23B9642098E50700121E8F /* UIColorExtensions.swift in Sources */,
				1D441E9E20726F22005E2ADD /* UIViewExtensions.swift in Sources */,
				1D104C8921BF0ADA000396C5 /* String+Localization.swift in Sources */,
				1DF2BCFF21C2CF1D00D5E29B /* AddButtonView.swift in Sources */,
				1D23B94D2097AB7C00121E8F /* GoogleTranslateAPI.swift in Sources */,
				1D104C8721BF09DF000396C5 /* ApplicationTab.swift in Sources */,
				1D441E9320726F22005E2ADD /* DictionaryController+ARKit.swift in Sources */,
				1DF2BD0721C38C7B00D5E29B /* WelcomeController.swift in Sources */,
				1D441E9820726F22005E2ADD /* DictionaryController.swift in Sources */,
				1D441E9720726F22005E2ADD /* DictionaryController+Views.swift in Sources */,
				1D441E9220726F22005E2ADD /* DictionaryController+Actions.swift in Sources */,
				1D23B9552097C5AF00121E8F /* LanguagesList.swift in Sources */,
				1D441EA720726F22005E2ADD /* HistoryController.swift in Sources */,
				1DEC7D1E21C6776400BBEDD3 /* VRController.swift in Sources */,
			);
			runOnlyForDeploymentPostprocessing = 0;
		};
/* End PBXSourcesBuildPhase section */

/* Begin PBXVariantGroup section */
		1D23B96E2098FEDD00121E8F /* Localizable.strings */ = {
			isa = PBXVariantGroup;
			children = (
				1D23B96D2098FEDD00121E8F /* en */,
				1D23B96F2098FEDF00121E8F /* it */,
			);
			name = Localizable.strings;
			sourceTree = "<group>";
		};
		1D23B97420990AA000121E8F /* InfoPlist.strings */ = {
			isa = PBXVariantGroup;
			children = (
				1D23B97320990AA000121E8F /* en */,
				1D23B97520990AA200121E8F /* it */,
			);
			name = InfoPlist.strings;
			sourceTree = "<group>";
		};
/* End PBXVariantGroup section */

/* Begin XCBuildConfiguration section */
		1D441E3820726F01005E2ADD /* Debug */ = {
			isa = XCBuildConfiguration;
			buildSettings = {
				ALWAYS_SEARCH_USER_PATHS = NO;
				CLANG_ANALYZER_LOCALIZABILITY_NONLOCALIZED = YES;
				CLANG_ANALYZER_NONNULL = YES;
				CLANG_ANALYZER_NUMBER_OBJECT_CONVERSION = YES_AGGRESSIVE;
				CLANG_CXX_LANGUAGE_STANDARD = "gnu++14";
				CLANG_CXX_LIBRARY = "libc++";
				CLANG_ENABLE_MODULES = YES;
				CLANG_ENABLE_OBJC_ARC = YES;
				CLANG_ENABLE_OBJC_WEAK = YES;
				CLANG_WARN_BLOCK_CAPTURE_AUTORELEASING = YES;
				CLANG_WARN_BOOL_CONVERSION = YES;
				CLANG_WARN_COMMA = YES;
				CLANG_WARN_CONSTANT_CONVERSION = YES;
				CLANG_WARN_DEPRECATED_OBJC_IMPLEMENTATIONS = YES;
				CLANG_WARN_DIRECT_OBJC_ISA_USAGE = YES_ERROR;
				CLANG_WARN_DOCUMENTATION_COMMENTS = YES;
				CLANG_WARN_EMPTY_BODY = YES;
				CLANG_WARN_ENUM_CONVERSION = YES;
				CLANG_WARN_INFINITE_RECURSION = YES;
				CLANG_WARN_INT_CONVERSION = YES;
				CLANG_WARN_NON_LITERAL_NULL_CONVERSION = YES;
				CLANG_WARN_OBJC_IMPLICIT_RETAIN_SELF = YES;
				CLANG_WARN_OBJC_LITERAL_CONVERSION = YES;
				CLANG_WARN_OBJC_ROOT_CLASS = YES_ERROR;
				CLANG_WARN_RANGE_LOOP_ANALYSIS = YES;
				CLANG_WARN_STRICT_PROTOTYPES = YES;
				CLANG_WARN_SUSPICIOUS_MOVE = YES;
				CLANG_WARN_UNGUARDED_AVAILABILITY = YES_AGGRESSIVE;
				CLANG_WARN_UNREACHABLE_CODE = YES;
				CLANG_WARN__DUPLICATE_METHOD_MATCH = YES;
				CODE_SIGN_IDENTITY = "iPhone Developer";
				COPY_PHASE_STRIP = NO;
				DEBUG_INFORMATION_FORMAT = dwarf;
				ENABLE_STRICT_OBJC_MSGSEND = YES;
				ENABLE_TESTABILITY = YES;
				GCC_C_LANGUAGE_STANDARD = gnu11;
				GCC_DYNAMIC_NO_PIC = NO;
				GCC_NO_COMMON_BLOCKS = YES;
				GCC_OPTIMIZATION_LEVEL = 0;
				GCC_PREPROCESSOR_DEFINITIONS = (
					"DEBUG=1",
					"$(inherited)",
				);
				GCC_WARN_64_TO_32_BIT_CONVERSION = YES;
				GCC_WARN_ABOUT_RETURN_TYPE = YES_ERROR;
				GCC_WARN_UNDECLARED_SELECTOR = YES;
				GCC_WARN_UNINITIALIZED_AUTOS = YES_AGGRESSIVE;
				GCC_WARN_UNUSED_FUNCTION = YES;
				GCC_WARN_UNUSED_VARIABLE = YES;
				IPHONEOS_DEPLOYMENT_TARGET = 11.3;
				MTL_ENABLE_DEBUG_INFO = YES;
				ONLY_ACTIVE_ARCH = YES;
				SDKROOT = iphoneos;
				SWIFT_ACTIVE_COMPILATION_CONDITIONS = DEBUG;
				SWIFT_COMPILATION_MODE = singlefile;
				SWIFT_OPTIMIZATION_LEVEL = "-Onone";
			};
			name = Debug;
		};
		1D441E3920726F01005E2ADD /* Release */ = {
			isa = XCBuildConfiguration;
			buildSettings = {
				ALWAYS_SEARCH_USER_PATHS = NO;
				CLANG_ANALYZER_LOCALIZABILITY_NONLOCALIZED = YES;
				CLANG_ANALYZER_NONNULL = YES;
				CLANG_ANALYZER_NUMBER_OBJECT_CONVERSION = YES_AGGRESSIVE;
				CLANG_CXX_LANGUAGE_STANDARD = "gnu++14";
				CLANG_CXX_LIBRARY = "libc++";
				CLANG_ENABLE_MODULES = YES;
				CLANG_ENABLE_OBJC_ARC = YES;
				CLANG_ENABLE_OBJC_WEAK = YES;
				CLANG_WARN_BLOCK_CAPTURE_AUTORELEASING = YES;
				CLANG_WARN_BOOL_CONVERSION = YES;
				CLANG_WARN_COMMA = YES;
				CLANG_WARN_CONSTANT_CONVERSION = YES;
				CLANG_WARN_DEPRECATED_OBJC_IMPLEMENTATIONS = YES;
				CLANG_WARN_DIRECT_OBJC_ISA_USAGE = YES_ERROR;
				CLANG_WARN_DOCUMENTATION_COMMENTS = YES;
				CLANG_WARN_EMPTY_BODY = YES;
				CLANG_WARN_ENUM_CONVERSION = YES;
				CLANG_WARN_INFINITE_RECURSION = YES;
				CLANG_WARN_INT_CONVERSION = YES;
				CLANG_WARN_NON_LITERAL_NULL_CONVERSION = YES;
				CLANG_WARN_OBJC_IMPLICIT_RETAIN_SELF = YES;
				CLANG_WARN_OBJC_LITERAL_CONVERSION = YES;
				CLANG_WARN_OBJC_ROOT_CLASS = YES_ERROR;
				CLANG_WARN_RANGE_LOOP_ANALYSIS = YES;
				CLANG_WARN_STRICT_PROTOTYPES = YES;
				CLANG_WARN_SUSPICIOUS_MOVE = YES;
				CLANG_WARN_UNGUARDED_AVAILABILITY = YES_AGGRESSIVE;
				CLANG_WARN_UNREACHABLE_CODE = YES;
				CLANG_WARN__DUPLICATE_METHOD_MATCH = YES;
				CODE_SIGN_IDENTITY = "iPhone Developer";
				COPY_PHASE_STRIP = NO;
				DEBUG_INFORMATION_FORMAT = "dwarf-with-dsym";
				ENABLE_NS_ASSERTIONS = NO;
				ENABLE_STRICT_OBJC_MSGSEND = YES;
				GCC_C_LANGUAGE_STANDARD = gnu11;
				GCC_NO_COMMON_BLOCKS = YES;
				GCC_WARN_64_TO_32_BIT_CONVERSION = YES;
				GCC_WARN_ABOUT_RETURN_TYPE = YES_ERROR;
				GCC_WARN_UNDECLARED_SELECTOR = YES;
				GCC_WARN_UNINITIALIZED_AUTOS = YES_AGGRESSIVE;
				GCC_WARN_UNUSED_FUNCTION = YES;
				GCC_WARN_UNUSED_VARIABLE = YES;
				IPHONEOS_DEPLOYMENT_TARGET = 11.3;
				MTL_ENABLE_DEBUG_INFO = NO;
				SDKROOT = iphoneos;
				SWIFT_COMPILATION_MODE = wholemodule;
				SWIFT_OPTIMIZATION_LEVEL = "-O";
				VALIDATE_PRODUCT = YES;
			};
			name = Release;
		};
		1D441E3B20726F01005E2ADD /* Debug */ = {
			isa = XCBuildConfiguration;
			buildSettings = {
				ASSETCATALOG_COMPILER_APPICON_NAME = AppIcon;
				CODE_SIGN_STYLE = Automatic;
				DEVELOPMENT_TEAM = G99G8858YN;
				FRAMEWORK_SEARCH_PATHS = (
					"$(inherited)",
					"$(PROJECT_DIR)/Carthage/Build/iOS",
				);
				INFOPLIST_FILE = LanguageTranslationAR/Info.plist;
				IPHONEOS_DEPLOYMENT_TARGET = 11.3;
				LD_RUNPATH_SEARCH_PATHS = (
					"$(inherited)",
					"@executable_path/Frameworks",
				);
				PRODUCT_BUNDLE_IDENTIFIER = com.cesaredecal.LanguageTranslationAR;
				PRODUCT_NAME = "$(TARGET_NAME)";
				SWIFT_VERSION = 4.2;
				TARGETED_DEVICE_FAMILY = "1,2";
			};
			name = Debug;
		};
		1D441E3C20726F01005E2ADD /* Release */ = {
			isa = XCBuildConfiguration;
			buildSettings = {
				ASSETCATALOG_COMPILER_APPICON_NAME = AppIcon;
				CODE_SIGN_STYLE = Automatic;
				DEVELOPMENT_TEAM = G99G8858YN;
				FRAMEWORK_SEARCH_PATHS = (
					"$(inherited)",
					"$(PROJECT_DIR)/Carthage/Build/iOS",
				);
				INFOPLIST_FILE = LanguageTranslationAR/Info.plist;
				IPHONEOS_DEPLOYMENT_TARGET = 11.3;
				LD_RUNPATH_SEARCH_PATHS = (
					"$(inherited)",
					"@executable_path/Frameworks",
				);
				PRODUCT_BUNDLE_IDENTIFIER = com.cesaredecal.LanguageTranslationAR;
				PRODUCT_NAME = "$(TARGET_NAME)";
				SWIFT_VERSION = 4.2;
				TARGETED_DEVICE_FAMILY = "1,2";
			};
			name = Release;
		};
/* End XCBuildConfiguration section */

/* Begin XCConfigurationList section */
		1D441E2320726EFE005E2ADD /* Build configuration list for PBXProject "LanguageTranslationAR" */ = {
			isa = XCConfigurationList;
			buildConfigurations = (
				1D441E3820726F01005E2ADD /* Debug */,
				1D441E3920726F01005E2ADD /* Release */,
			);
			defaultConfigurationIsVisible = 0;
			defaultConfigurationName = Release;
		};
		1D441E3A20726F01005E2ADD /* Build configuration list for PBXNativeTarget "LanguageTranslationAR" */ = {
			isa = XCConfigurationList;
			buildConfigurations = (
				1D441E3B20726F01005E2ADD /* Debug */,
				1D441E3C20726F01005E2ADD /* Release */,
			);
			defaultConfigurationIsVisible = 0;
			defaultConfigurationName = Release;
		};
/* End XCConfigurationList section */
	};
	rootObject = 1D441E2020726EFE005E2ADD /* Project object */;
}
